// !$*UTF8*$!
{
	archiveVersion = 1;
	classes = {
	};
	objectVersion = 77;
	objects = {

/* Begin PBXBuildFile section */
		BB3710FE2D8F68260010F60B /* MockMovieListViewModelDelegate.swift in Sources */ = {isa = PBXBuildFile; fileRef = BB3710FD2D8F68260010F60B /* MockMovieListViewModelDelegate.swift */; };
		BB3711002D8F68500010F60B /* MovieListViewModelTests.swift in Sources */ = {isa = PBXBuildFile; fileRef = BB3710FF2D8F68500010F60B /* MovieListViewModelTests.swift */; };
		BB3711032D8F6A180010F60B /* MoviewDetailsCoordinatorTests.swift in Sources */ = {isa = PBXBuildFile; fileRef = BB3711022D8F6A180010F60B /* MoviewDetailsCoordinatorTests.swift */; };
		BB7608C72D8DF498000F68AF /* MovieListCoordinatorTests.swift in Sources */ = {isa = PBXBuildFile; fileRef = BB7608C62D8DF498000F68AF /* MovieListCoordinatorTests.swift */; };
		BBA8FB3C2D8C586A00273B9B /* AppDelegate.swift in Sources */ = {isa = PBXBuildFile; fileRef = BBA8FB342D8C586A00273B9B /* AppDelegate.swift */; };
		BBA8FB3D2D8C586A00273B9B /* SceneDelegate.swift in Sources */ = {isa = PBXBuildFile; fileRef = BBA8FB352D8C586A00273B9B /* SceneDelegate.swift */; };
		BBA8FB402D8C586A00273B9B /* Assets.xcassets in Resources */ = {isa = PBXBuildFile; fileRef = BBA8FB302D8C586A00273B9B /* Assets.xcassets */; };
		BBA8FB412D8C586A00273B9B /* LaunchScreen.storyboard in Resources */ = {isa = PBXBuildFile; fileRef = BBA8FB322D8C586A00273B9B /* LaunchScreen.storyboard */; };
		BBA8FB452D8C5D0700273B9B /* CoordinatingTests.swift in Sources */ = {isa = PBXBuildFile; fileRef = BBA8FB432D8C5D0700273B9B /* CoordinatingTests.swift */; };
		BBA8FB492D8C5D0A00273B9B /* ios_movie_boxUITests.swift in Sources */ = {isa = PBXBuildFile; fileRef = BBA8FB462D8C5D0A00273B9B /* ios_movie_boxUITests.swift */; };
		BBA8FB4A2D8C5D0A00273B9B /* ios_movie_boxUITestsLaunchTests.swift in Sources */ = {isa = PBXBuildFile; fileRef = BBA8FB472D8C5D0A00273B9B /* ios_movie_boxUITestsLaunchTests.swift */; };
		BBA8FB4D2D8C633200273B9B /* AppCoordinator.swift in Sources */ = {isa = PBXBuildFile; fileRef = BBA8FB4C2D8C632D00273B9B /* AppCoordinator.swift */; };
		BBA8FB4F2D8C638100273B9B /* Coordinating.swift in Sources */ = {isa = PBXBuildFile; fileRef = BBA8FB4E2D8C638100273B9B /* Coordinating.swift */; };
		BBA8FB512D8C923100273B9B /* Navigating.swift in Sources */ = {isa = PBXBuildFile; fileRef = BBA8FB502D8C923100273B9B /* Navigating.swift */; };
		BBA8FB532D8C9A7D00273B9B /* MovieListCoordinator.swift in Sources */ = {isa = PBXBuildFile; fileRef = BBA8FB522D8C9A6800273B9B /* MovieListCoordinator.swift */; };
		BBA8FB552D8C9B1700273B9B /* MovieListView.swift in Sources */ = {isa = PBXBuildFile; fileRef = BBA8FB542D8C9B1700273B9B /* MovieListView.swift */; };
		BBA8FB582D8CA47500273B9B /* View+UIKit.swift in Sources */ = {isa = PBXBuildFile; fileRef = BBA8FB572D8CA47500273B9B /* View+UIKit.swift */; };
		BBA8FB5A2D8CBB2200273B9B /* MovieListViewModel.swift in Sources */ = {isa = PBXBuildFile; fileRef = BBA8FB592D8CBB2200273B9B /* MovieListViewModel.swift */; };
		BBA8FB5C2D8CBD0F00273B9B /* MovieDetailsView.swift in Sources */ = {isa = PBXBuildFile; fileRef = BBA8FB5B2D8CBD0F00273B9B /* MovieDetailsView.swift */; };
		BBA8FB602D8CD34700273B9B /* MovieDetailsCoordinator.swift in Sources */ = {isa = PBXBuildFile; fileRef = BBA8FB5F2D8CD34700273B9B /* MovieDetailsCoordinator.swift */; };
		BBA8FB622D8D725A00273B9B /* Navigator.swift in Sources */ = {isa = PBXBuildFile; fileRef = BBA8FB612D8D725A00273B9B /* Navigator.swift */; };
		BBE9E6F92D8DAFC500A54C01 /* MockCoordinator.swift in Sources */ = {isa = PBXBuildFile; fileRef = BBE9E6F82D8DAFC500A54C01 /* MockCoordinator.swift */; };
		BBE9E6FB2D8DB9E500A54C01 /* NavigatorTests.swift in Sources */ = {isa = PBXBuildFile; fileRef = BBE9E6FA2D8DB9E500A54C01 /* NavigatorTests.swift */; };
		BBE9E6FD2D8DC56B00A54C01 /* AppCoordinatorTests.swift in Sources */ = {isa = PBXBuildFile; fileRef = BBE9E6FC2D8DC56B00A54C01 /* AppCoordinatorTests.swift */; };
		BBE9E6FF2D8DC65800A54C01 /* MockNavigator.swift in Sources */ = {isa = PBXBuildFile; fileRef = BBE9E6FE2D8DC65800A54C01 /* MockNavigator.swift */; };
		BBFB9D052D916D8200562A39 /* MoviesProvider.swift in Sources */ = {isa = PBXBuildFile; fileRef = BBFB9D042D916D8200562A39 /* MoviesProvider.swift */; };
		BBFB9D092D91E3A800562A39 /* UpcomingMovies.swift in Sources */ = {isa = PBXBuildFile; fileRef = BBFB9D082D91E3A800562A39 /* UpcomingMovies.swift */; };
		BBFB9D0C2D91EAA000562A39 /* EndpointProtocol.swift in Sources */ = {isa = PBXBuildFile; fileRef = BBFB9D0B2D91EAA000562A39 /* EndpointProtocol.swift */; };
		BBFB9D102D91EB2800562A39 /* Network.swift in Sources */ = {isa = PBXBuildFile; fileRef = BBFB9D0F2D91EB2800562A39 /* Network.swift */; };
		BBFB9D122D91EB5B00562A39 /* RequestProtocol.swift in Sources */ = {isa = PBXBuildFile; fileRef = BBFB9D112D91EB5B00562A39 /* RequestProtocol.swift */; };
		BBFB9D142D91EB7A00562A39 /* HTTP.swift in Sources */ = {isa = PBXBuildFile; fileRef = BBFB9D132D91EB7A00562A39 /* HTTP.swift */; };
		BBFB9D182D91F07100562A39 /* NetworkError.swift in Sources */ = {isa = PBXBuildFile; fileRef = BBFB9D172D91F07100562A39 /* NetworkError.swift */; };
		BBFB9D1A2D92094F00562A39 /* ErrorView.swift in Sources */ = {isa = PBXBuildFile; fileRef = BBFB9D192D92094F00562A39 /* ErrorView.swift */; };
		BBFB9D1C2D920A8400562A39 /* ErrorViewModel.swift in Sources */ = {isa = PBXBuildFile; fileRef = BBFB9D1B2D920A8400562A39 /* ErrorViewModel.swift */; };
		BBFB9D1E2D92A9CF00562A39 /* URLRequest+Endpoint.swift in Sources */ = {isa = PBXBuildFile; fileRef = BBFB9D1D2D92A9CF00562A39 /* URLRequest+Endpoint.swift */; };
		BBFB9D202D92AA2E00562A39 /* URL+Endpoint.swift in Sources */ = {isa = PBXBuildFile; fileRef = BBFB9D1F2D92AA2E00562A39 /* URL+Endpoint.swift */; };
		BBFB9D2E2D92CA8C00562A39 /* MoviesProvider.swift in Sources */ = {isa = PBXBuildFile; fileRef = BBFB9D2D2D92CA8C00562A39 /* MoviesProvider.swift */; };
		BBFB9D302D92D89700562A39 /* MovieDetailsViewModel.swift in Sources */ = {isa = PBXBuildFile; fileRef = BBFB9D2F2D92D89700562A39 /* MovieDetailsViewModel.swift */; };
		BBFB9D352D92FFFF00562A39 /* MovieDetails.swift in Sources */ = {isa = PBXBuildFile; fileRef = BBFB9D342D92FFFF00562A39 /* MovieDetails.swift */; };
		BBFB9D372D932A6800562A39 /* MovieDetailsViewStateFactory.swift in Sources */ = {isa = PBXBuildFile; fileRef = BBFB9D362D932A6800562A39 /* MovieDetailsViewStateFactory.swift */; };
		BBFB9D3A2D933C0800562A39 /* PreviewProvider+UpcomingMoviesData.swift in Sources */ = {isa = PBXBuildFile; fileRef = BBFB9D392D933C0800562A39 /* PreviewProvider+UpcomingMoviesData.swift */; };
		BBFB9D3C2D93416100562A39 /* PreviewProvider+ErrorViewModel.swift in Sources */ = {isa = PBXBuildFile; fileRef = BBFB9D3B2D93416100562A39 /* PreviewProvider+ErrorViewModel.swift */; };
		BBFB9D3E2D93422500562A39 /* PreviewProvider+MovieListViewModel.swift in Sources */ = {isa = PBXBuildFile; fileRef = BBFB9D3D2D93422500562A39 /* PreviewProvider+MovieListViewModel.swift */; };
		BBFB9D402D93439E00562A39 /* ImageConfig.swift in Sources */ = {isa = PBXBuildFile; fileRef = BBFB9D3F2D93439E00562A39 /* ImageConfig.swift */; };
		BBFB9D422D9348F700562A39 /* MockMovieDetailsViewStateFactory.swift in Sources */ = {isa = PBXBuildFile; fileRef = BBFB9D412D9348F700562A39 /* MockMovieDetailsViewStateFactory.swift */; };
/* End PBXBuildFile section */

/* Begin PBXContainerItemProxy section */
		BBA8FAE92D8C527B00273B9B /* PBXContainerItemProxy */ = {
			isa = PBXContainerItemProxy;
			containerPortal = BBA8FACA2D8C527800273B9B /* Project object */;
			proxyType = 1;
			remoteGlobalIDString = BBA8FAD12D8C527800273B9B;
			remoteInfo = "ios-movie-box";
		};
		BBA8FAF32D8C527B00273B9B /* PBXContainerItemProxy */ = {
			isa = PBXContainerItemProxy;
			containerPortal = BBA8FACA2D8C527800273B9B /* Project object */;
			proxyType = 1;
			remoteGlobalIDString = BBA8FAD12D8C527800273B9B;
			remoteInfo = "ios-movie-box";
		};
/* End PBXContainerItemProxy section */

/* Begin PBXFileReference section */
		BB3710FD2D8F68260010F60B /* MockMovieListViewModelDelegate.swift */ = {isa = PBXFileReference; lastKnownFileType = sourcecode.swift; path = MockMovieListViewModelDelegate.swift; sourceTree = "<group>"; };
		BB3710FF2D8F68500010F60B /* MovieListViewModelTests.swift */ = {isa = PBXFileReference; lastKnownFileType = sourcecode.swift; path = MovieListViewModelTests.swift; sourceTree = "<group>"; };
		BB3711022D8F6A180010F60B /* MoviewDetailsCoordinatorTests.swift */ = {isa = PBXFileReference; lastKnownFileType = sourcecode.swift; path = MoviewDetailsCoordinatorTests.swift; sourceTree = "<group>"; };
		BB7608C62D8DF498000F68AF /* MovieListCoordinatorTests.swift */ = {isa = PBXFileReference; lastKnownFileType = sourcecode.swift; path = MovieListCoordinatorTests.swift; sourceTree = "<group>"; };
		BBA8FAD22D8C527800273B9B /* ios-movie-box.app */ = {isa = PBXFileReference; explicitFileType = wrapper.application; includeInIndex = 0; path = "ios-movie-box.app"; sourceTree = BUILT_PRODUCTS_DIR; };
		BBA8FAE82D8C527B00273B9B /* ios-movie-boxTests.xctest */ = {isa = PBXFileReference; explicitFileType = wrapper.cfbundle; includeInIndex = 0; path = "ios-movie-boxTests.xctest"; sourceTree = BUILT_PRODUCTS_DIR; };
		BBA8FAF22D8C527B00273B9B /* ios-movie-boxUITests.xctest */ = {isa = PBXFileReference; explicitFileType = wrapper.cfbundle; includeInIndex = 0; path = "ios-movie-boxUITests.xctest"; sourceTree = BUILT_PRODUCTS_DIR; };
		BBA8FB2E2D8C586A00273B9B /* Info.plist */ = {isa = PBXFileReference; lastKnownFileType = text.plist.xml; path = Info.plist; sourceTree = "<group>"; };
		BBA8FB302D8C586A00273B9B /* Assets.xcassets */ = {isa = PBXFileReference; lastKnownFileType = folder.assetcatalog; path = Assets.xcassets; sourceTree = "<group>"; };
		BBA8FB312D8C586A00273B9B /* Base */ = {isa = PBXFileReference; lastKnownFileType = file.storyboard; name = Base; path = Base.lproj/LaunchScreen.storyboard; sourceTree = "<group>"; };
		BBA8FB342D8C586A00273B9B /* AppDelegate.swift */ = {isa = PBXFileReference; lastKnownFileType = sourcecode.swift; path = AppDelegate.swift; sourceTree = "<group>"; };
		BBA8FB352D8C586A00273B9B /* SceneDelegate.swift */ = {isa = PBXFileReference; lastKnownFileType = sourcecode.swift; path = SceneDelegate.swift; sourceTree = "<group>"; };
		BBA8FB432D8C5D0700273B9B /* CoordinatingTests.swift */ = {isa = PBXFileReference; lastKnownFileType = sourcecode.swift; path = CoordinatingTests.swift; sourceTree = "<group>"; };
		BBA8FB462D8C5D0A00273B9B /* ios_movie_boxUITests.swift */ = {isa = PBXFileReference; lastKnownFileType = sourcecode.swift; path = ios_movie_boxUITests.swift; sourceTree = "<group>"; };
		BBA8FB472D8C5D0A00273B9B /* ios_movie_boxUITestsLaunchTests.swift */ = {isa = PBXFileReference; lastKnownFileType = sourcecode.swift; path = ios_movie_boxUITestsLaunchTests.swift; sourceTree = "<group>"; };
		BBA8FB4C2D8C632D00273B9B /* AppCoordinator.swift */ = {isa = PBXFileReference; lastKnownFileType = sourcecode.swift; path = AppCoordinator.swift; sourceTree = "<group>"; };
		BBA8FB4E2D8C638100273B9B /* Coordinating.swift */ = {isa = PBXFileReference; lastKnownFileType = sourcecode.swift; path = Coordinating.swift; sourceTree = "<group>"; };
		BBA8FB502D8C923100273B9B /* Navigating.swift */ = {isa = PBXFileReference; lastKnownFileType = sourcecode.swift; path = Navigating.swift; sourceTree = "<group>"; };
		BBA8FB522D8C9A6800273B9B /* MovieListCoordinator.swift */ = {isa = PBXFileReference; lastKnownFileType = sourcecode.swift; path = MovieListCoordinator.swift; sourceTree = "<group>"; };
		BBA8FB542D8C9B1700273B9B /* MovieListView.swift */ = {isa = PBXFileReference; lastKnownFileType = sourcecode.swift; path = MovieListView.swift; sourceTree = "<group>"; };
		BBA8FB572D8CA47500273B9B /* View+UIKit.swift */ = {isa = PBXFileReference; lastKnownFileType = sourcecode.swift; path = "View+UIKit.swift"; sourceTree = "<group>"; };
		BBA8FB592D8CBB2200273B9B /* MovieListViewModel.swift */ = {isa = PBXFileReference; lastKnownFileType = sourcecode.swift; path = MovieListViewModel.swift; sourceTree = "<group>"; };
		BBA8FB5B2D8CBD0F00273B9B /* MovieDetailsView.swift */ = {isa = PBXFileReference; lastKnownFileType = sourcecode.swift; path = MovieDetailsView.swift; sourceTree = "<group>"; };
		BBA8FB5F2D8CD34700273B9B /* MovieDetailsCoordinator.swift */ = {isa = PBXFileReference; lastKnownFileType = sourcecode.swift; path = MovieDetailsCoordinator.swift; sourceTree = "<group>"; };
		BBA8FB612D8D725A00273B9B /* Navigator.swift */ = {isa = PBXFileReference; lastKnownFileType = sourcecode.swift; path = Navigator.swift; sourceTree = "<group>"; };
		BBE9E6F82D8DAFC500A54C01 /* MockCoordinator.swift */ = {isa = PBXFileReference; lastKnownFileType = sourcecode.swift; path = MockCoordinator.swift; sourceTree = "<group>"; };
		BBE9E6FA2D8DB9E500A54C01 /* NavigatorTests.swift */ = {isa = PBXFileReference; lastKnownFileType = sourcecode.swift; path = NavigatorTests.swift; sourceTree = "<group>"; };
		BBE9E6FC2D8DC56B00A54C01 /* AppCoordinatorTests.swift */ = {isa = PBXFileReference; lastKnownFileType = sourcecode.swift; path = AppCoordinatorTests.swift; sourceTree = "<group>"; };
		BBE9E6FE2D8DC65800A54C01 /* MockNavigator.swift */ = {isa = PBXFileReference; lastKnownFileType = sourcecode.swift; path = MockNavigator.swift; sourceTree = "<group>"; };
		BBFB9D042D916D8200562A39 /* MoviesProvider.swift */ = {isa = PBXFileReference; lastKnownFileType = sourcecode.swift; path = MoviesProvider.swift; sourceTree = "<group>"; };
		BBFB9D082D91E3A800562A39 /* UpcomingMovies.swift */ = {isa = PBXFileReference; lastKnownFileType = sourcecode.swift; path = UpcomingMovies.swift; sourceTree = "<group>"; };
		BBFB9D0B2D91EAA000562A39 /* EndpointProtocol.swift */ = {isa = PBXFileReference; lastKnownFileType = sourcecode.swift; path = EndpointProtocol.swift; sourceTree = "<group>"; };
		BBFB9D0F2D91EB2800562A39 /* Network.swift */ = {isa = PBXFileReference; lastKnownFileType = sourcecode.swift; path = Network.swift; sourceTree = "<group>"; };
		BBFB9D112D91EB5B00562A39 /* RequestProtocol.swift */ = {isa = PBXFileReference; lastKnownFileType = sourcecode.swift; path = RequestProtocol.swift; sourceTree = "<group>"; };
		BBFB9D132D91EB7A00562A39 /* HTTP.swift */ = {isa = PBXFileReference; lastKnownFileType = sourcecode.swift; path = HTTP.swift; sourceTree = "<group>"; };
		BBFB9D172D91F07100562A39 /* NetworkError.swift */ = {isa = PBXFileReference; lastKnownFileType = sourcecode.swift; path = NetworkError.swift; sourceTree = "<group>"; };
		BBFB9D192D92094F00562A39 /* ErrorView.swift */ = {isa = PBXFileReference; lastKnownFileType = sourcecode.swift; path = ErrorView.swift; sourceTree = "<group>"; };
		BBFB9D1B2D920A8400562A39 /* ErrorViewModel.swift */ = {isa = PBXFileReference; lastKnownFileType = sourcecode.swift; path = ErrorViewModel.swift; sourceTree = "<group>"; };
		BBFB9D1D2D92A9CF00562A39 /* URLRequest+Endpoint.swift */ = {isa = PBXFileReference; lastKnownFileType = sourcecode.swift; path = "URLRequest+Endpoint.swift"; sourceTree = "<group>"; };
		BBFB9D1F2D92AA2E00562A39 /* URL+Endpoint.swift */ = {isa = PBXFileReference; lastKnownFileType = sourcecode.swift; path = "URL+Endpoint.swift"; sourceTree = "<group>"; };
		BBFB9D2D2D92CA8C00562A39 /* MoviesProvider.swift */ = {isa = PBXFileReference; lastKnownFileType = sourcecode.swift; path = MoviesProvider.swift; sourceTree = "<group>"; };
		BBFB9D2F2D92D89700562A39 /* MovieDetailsViewModel.swift */ = {isa = PBXFileReference; lastKnownFileType = sourcecode.swift; path = MovieDetailsViewModel.swift; sourceTree = "<group>"; };
		BBFB9D342D92FFFF00562A39 /* MovieDetails.swift */ = {isa = PBXFileReference; lastKnownFileType = sourcecode.swift; path = MovieDetails.swift; sourceTree = "<group>"; };
		BBFB9D362D932A6800562A39 /* MovieDetailsViewStateFactory.swift */ = {isa = PBXFileReference; lastKnownFileType = sourcecode.swift; path = MovieDetailsViewStateFactory.swift; sourceTree = "<group>"; };
		BBFB9D392D933C0800562A39 /* PreviewProvider+UpcomingMoviesData.swift */ = {isa = PBXFileReference; lastKnownFileType = sourcecode.swift; path = "PreviewProvider+UpcomingMoviesData.swift"; sourceTree = "<group>"; };
		BBFB9D3B2D93416100562A39 /* PreviewProvider+ErrorViewModel.swift */ = {isa = PBXFileReference; lastKnownFileType = sourcecode.swift; path = "PreviewProvider+ErrorViewModel.swift"; sourceTree = "<group>"; };
		BBFB9D3D2D93422500562A39 /* PreviewProvider+MovieListViewModel.swift */ = {isa = PBXFileReference; lastKnownFileType = sourcecode.swift; path = "PreviewProvider+MovieListViewModel.swift"; sourceTree = "<group>"; };
		BBFB9D3F2D93439E00562A39 /* ImageConfig.swift */ = {isa = PBXFileReference; lastKnownFileType = sourcecode.swift; path = ImageConfig.swift; sourceTree = "<group>"; };
		BBFB9D412D9348F700562A39 /* MockMovieDetailsViewStateFactory.swift */ = {isa = PBXFileReference; lastKnownFileType = sourcecode.swift; path = MockMovieDetailsViewStateFactory.swift; sourceTree = "<group>"; };
/* End PBXFileReference section */

/* Begin PBXFrameworksBuildPhase section */
		BBA8FACF2D8C527800273B9B /* Frameworks */ = {
			isa = PBXFrameworksBuildPhase;
			buildActionMask = 2147483647;
			files = (
			);
			runOnlyForDeploymentPostprocessing = 0;
		};
		BBA8FAE52D8C527B00273B9B /* Frameworks */ = {
			isa = PBXFrameworksBuildPhase;
			buildActionMask = 2147483647;
			files = (
			);
			runOnlyForDeploymentPostprocessing = 0;
		};
		BBA8FAEF2D8C527B00273B9B /* Frameworks */ = {
			isa = PBXFrameworksBuildPhase;
			buildActionMask = 2147483647;
			files = (
			);
			runOnlyForDeploymentPostprocessing = 0;
		};
/* End PBXFrameworksBuildPhase section */

/* Begin PBXGroup section */
		BB3711012D8F6A010010F60B /* Movie Details */ = {
			isa = PBXGroup;
			children = (
				BB3711022D8F6A180010F60B /* MoviewDetailsCoordinatorTests.swift */,
				BBFB9D432D935A9C00562A39 /* Mocks */,
			);
			path = "Movie Details";
			sourceTree = "<group>";
		};
		BB7608C12D8DF396000F68AF /* Features */ = {
			isa = PBXGroup;
			children = (
				BB3711012D8F6A010010F60B /* Movie Details */,
				BB7608C22D8DF39F000F68AF /* Upcoming Movies */,
			);
			path = Features;
			sourceTree = "<group>";
		};
		BB7608C22D8DF39F000F68AF /* Upcoming Movies */ = {
			isa = PBXGroup;
			children = (
				BB3710FF2D8F68500010F60B /* MovieListViewModelTests.swift */,
				BB7608C62D8DF498000F68AF /* MovieListCoordinatorTests.swift */,
				BB7608C32D8DF3AF000F68AF /* Mocks */,
			);
			path = "Upcoming Movies";
			sourceTree = "<group>";
		};
		BB7608C32D8DF3AF000F68AF /* Mocks */ = {
			isa = PBXGroup;
			children = (
				BB3710FD2D8F68260010F60B /* MockMovieListViewModelDelegate.swift */,
				BBFB9D2D2D92CA8C00562A39 /* MoviesProvider.swift */,
			);
			path = Mocks;
			sourceTree = "<group>";
		};
		BBA8FAC92D8C527800273B9B = {
			isa = PBXGroup;
			children = (
				BBA8FB3B2D8C586A00273B9B /* ios-movie-box */,
				BBA8FB442D8C5D0700273B9B /* ios-movie-boxTests */,
				BBA8FB482D8C5D0A00273B9B /* ios-movie-boxUITests */,
				BBA8FAD32D8C527800273B9B /* Products */,
			);
			sourceTree = "<group>";
		};
		BBA8FAD32D8C527800273B9B /* Products */ = {
			isa = PBXGroup;
			children = (
				BBA8FAD22D8C527800273B9B /* ios-movie-box.app */,
				BBA8FAE82D8C527B00273B9B /* ios-movie-boxTests.xctest */,
				BBA8FAF22D8C527B00273B9B /* ios-movie-boxUITests.xctest */,
			);
			name = Products;
			sourceTree = "<group>";
		};
		BBA8FB282D8C586A00273B9B /* Coordinating */ = {
			isa = PBXGroup;
			children = (
				BBA8FB4E2D8C638100273B9B /* Coordinating.swift */,
				BBA8FB502D8C923100273B9B /* Navigating.swift */,
				BBA8FB612D8D725A00273B9B /* Navigator.swift */,
			);
			path = Coordinating;
			sourceTree = "<group>";
		};
		BBA8FB292D8C586A00273B9B /* Core */ = {
			isa = PBXGroup;
			children = (
				BBA8FB282D8C586A00273B9B /* Coordinating */,
				BBFB9D0A2D91EA8A00562A39 /* Networking */,
			);
			path = Core;
			sourceTree = "<group>";
		};
		BBA8FB2A2D8C586A00273B9B /* Features */ = {
			isa = PBXGroup;
			children = (
				BBA8FB4B2D8C631600273B9B /* App Launch */,
				BBA8FB5E2D8CD2ED00273B9B /* Movie Details */,
				BBA8FB5D2D8CD2D000273B9B /* Upcoming Movies */,
			);
			path = Features;
			sourceTree = "<group>";
		};
		BBA8FB2F2D8C586A00273B9B /* Build Time */ = {
			isa = PBXGroup;
			children = (
				BBA8FB2E2D8C586A00273B9B /* Info.plist */,
			);
			path = "Build Time";
			sourceTree = "<group>";
		};
		BBA8FB332D8C586A00273B9B /* Resources */ = {
			isa = PBXGroup;
			children = (
				BBA8FB302D8C586A00273B9B /* Assets.xcassets */,
				BBA8FB322D8C586A00273B9B /* LaunchScreen.storyboard */,
				BBA8FB2F2D8C586A00273B9B /* Build Time */,
			);
			path = Resources;
			sourceTree = "<group>";
		};
		BBA8FB362D8C586A00273B9B /* App Root */ = {
			isa = PBXGroup;
			children = (
				BBA8FB342D8C586A00273B9B /* AppDelegate.swift */,
				BBA8FB352D8C586A00273B9B /* SceneDelegate.swift */,
			);
			path = "App Root";
			sourceTree = "<group>";
		};
		BBA8FB3B2D8C586A00273B9B /* ios-movie-box */ = {
			isa = PBXGroup;
			children = (
				BBA8FB562D8CA45C00273B9B /* Shared */,
				BBA8FB362D8C586A00273B9B /* App Root */,
				BBA8FB292D8C586A00273B9B /* Core */,
				BBA8FB2A2D8C586A00273B9B /* Features */,
				BBA8FB332D8C586A00273B9B /* Resources */,
			);
			path = "ios-movie-box";
			sourceTree = "<group>";
		};
		BBA8FB442D8C5D0700273B9B /* ios-movie-boxTests */ = {
			isa = PBXGroup;
			children = (
				BB7608C12D8DF396000F68AF /* Features */,
				BBE9E6F62D8DAF2E00A54C01 /* Core */,
			);
			path = "ios-movie-boxTests";
			sourceTree = "<group>";
		};
		BBA8FB482D8C5D0A00273B9B /* ios-movie-boxUITests */ = {
			isa = PBXGroup;
			children = (
				BBA8FB462D8C5D0A00273B9B /* ios_movie_boxUITests.swift */,
				BBA8FB472D8C5D0A00273B9B /* ios_movie_boxUITestsLaunchTests.swift */,
			);
			path = "ios-movie-boxUITests";
			sourceTree = "<group>";
		};
		BBA8FB4B2D8C631600273B9B /* App Launch */ = {
			isa = PBXGroup;
			children = (
				BBA8FB4C2D8C632D00273B9B /* AppCoordinator.swift */,
			);
			path = "App Launch";
			sourceTree = "<group>";
		};
		BBA8FB562D8CA45C00273B9B /* Shared */ = {
			isa = PBXGroup;
			children = (
				BBFB9D192D92094F00562A39 /* ErrorView.swift */,
				BBFB9D1B2D920A8400562A39 /* ErrorViewModel.swift */,
				BBFB9D3F2D93439E00562A39 /* ImageConfig.swift */,
				BBA8FB572D8CA47500273B9B /* View+UIKit.swift */,
				BBFB9D382D933BD000562A39 /* Preview Helpers */,
			);
			path = Shared;
			sourceTree = "<group>";
		};
		BBA8FB5D2D8CD2D000273B9B /* Upcoming Movies */ = {
			isa = PBXGroup;
			children = (
				BBA8FB522D8C9A6800273B9B /* MovieListCoordinator.swift */,
				BBA8FB542D8C9B1700273B9B /* MovieListView.swift */,
				BBA8FB592D8CBB2200273B9B /* MovieListViewModel.swift */,
				BBFB9D062D916DC600562A39 /* Domain */,
			);
			path = "Upcoming Movies";
			sourceTree = "<group>";
		};
		BBA8FB5E2D8CD2ED00273B9B /* Movie Details */ = {
			isa = PBXGroup;
			children = (
				BBA8FB5B2D8CBD0F00273B9B /* MovieDetailsView.swift */,
				BBA8FB5F2D8CD34700273B9B /* MovieDetailsCoordinator.swift */,
				BBFB9D2F2D92D89700562A39 /* MovieDetailsViewModel.swift */,
				BBFB9D312D92FC4A00562A39 /* Domain */,
				BBFB9D362D932A6800562A39 /* MovieDetailsViewStateFactory.swift */,
			);
			path = "Movie Details";
			sourceTree = "<group>";
		};
		BBE9E6F62D8DAF2E00A54C01 /* Core */ = {
			isa = PBXGroup;
			children = (
				BBE9E6FC2D8DC56B00A54C01 /* AppCoordinatorTests.swift */,
				BBA8FB432D8C5D0700273B9B /* CoordinatingTests.swift */,
				BBE9E6FA2D8DB9E500A54C01 /* NavigatorTests.swift */,
				BBE9E6F72D8DAFAB00A54C01 /* Mocks */,
			);
			path = Core;
			sourceTree = "<group>";
		};
		BBE9E6F72D8DAFAB00A54C01 /* Mocks */ = {
			isa = PBXGroup;
			children = (
				BBE9E6F82D8DAFC500A54C01 /* MockCoordinator.swift */,
				BBE9E6FE2D8DC65800A54C01 /* MockNavigator.swift */,
			);
			path = Mocks;
			sourceTree = "<group>";
		};
		BBFB9D062D916DC600562A39 /* Domain */ = {
			isa = PBXGroup;
			children = (
				BBFB9D042D916D8200562A39 /* MoviesProvider.swift */,
				BBFB9D072D91E38A00562A39 /* DOs */,
			);
			path = Domain;
			sourceTree = "<group>";
		};
		BBFB9D072D91E38A00562A39 /* DOs */ = {
			isa = PBXGroup;
			children = (
				BBFB9D342D92FFFF00562A39 /* MovieDetails.swift */,
				BBFB9D082D91E3A800562A39 /* UpcomingMovies.swift */,
			);
			path = DOs;
			sourceTree = "<group>";
		};
		BBFB9D0A2D91EA8A00562A39 /* Networking */ = {
			isa = PBXGroup;
			children = (
				BBFB9D0B2D91EAA000562A39 /* EndpointProtocol.swift */,
				BBFB9D132D91EB7A00562A39 /* HTTP.swift */,
				BBFB9D0F2D91EB2800562A39 /* Network.swift */,
				BBFB9D172D91F07100562A39 /* NetworkError.swift */,
				BBFB9D112D91EB5B00562A39 /* RequestProtocol.swift */,
				BBFB9D1F2D92AA2E00562A39 /* URL+Endpoint.swift */,
				BBFB9D1D2D92A9CF00562A39 /* URLRequest+Endpoint.swift */,
			);
			path = Networking;
			sourceTree = "<group>";
		};
		BBFB9D312D92FC4A00562A39 /* Domain */ = {
			isa = PBXGroup;
			children = (
			);
			path = Domain;
			sourceTree = "<group>";
		};
		BBFB9D382D933BD000562A39 /* Preview Helpers */ = {
			isa = PBXGroup;
			children = (
				BBFB9D392D933C0800562A39 /* PreviewProvider+UpcomingMoviesData.swift */,
				BBFB9D3B2D93416100562A39 /* PreviewProvider+ErrorViewModel.swift */,
				BBFB9D3D2D93422500562A39 /* PreviewProvider+MovieListViewModel.swift */,
			);
			path = "Preview Helpers";
			sourceTree = "<group>";
		};
		BBFB9D432D935A9C00562A39 /* Mocks */ = {
			isa = PBXGroup;
			children = (
				BBFB9D412D9348F700562A39 /* MockMovieDetailsViewStateFactory.swift */,
			);
			path = Mocks;
			sourceTree = "<group>";
		};
/* End PBXGroup section */

/* Begin PBXNativeTarget section */
		BBA8FAD12D8C527800273B9B /* ios-movie-box */ = {
			isa = PBXNativeTarget;
			buildConfigurationList = BBA8FAFB2D8C527B00273B9B /* Build configuration list for PBXNativeTarget "ios-movie-box" */;
			buildPhases = (
				BBA8FACE2D8C527800273B9B /* Sources */,
				BBA8FACF2D8C527800273B9B /* Frameworks */,
				BBA8FAD02D8C527800273B9B /* Resources */,
			);
			buildRules = (
			);
			dependencies = (
			);
			name = "ios-movie-box";
			packageProductDependencies = (
			);
			productName = "ios-movie-box";
			productReference = BBA8FAD22D8C527800273B9B /* ios-movie-box.app */;
			productType = "com.apple.product-type.application";
		};
		BBA8FAE72D8C527B00273B9B /* ios-movie-boxTests */ = {
			isa = PBXNativeTarget;
			buildConfigurationList = BBA8FB002D8C527B00273B9B /* Build configuration list for PBXNativeTarget "ios-movie-boxTests" */;
			buildPhases = (
				BBA8FAE42D8C527B00273B9B /* Sources */,
				BBA8FAE52D8C527B00273B9B /* Frameworks */,
				BBA8FAE62D8C527B00273B9B /* Resources */,
			);
			buildRules = (
			);
			dependencies = (
				BBA8FAEA2D8C527B00273B9B /* PBXTargetDependency */,
			);
			name = "ios-movie-boxTests";
			packageProductDependencies = (
			);
			productName = "ios-movie-boxTests";
			productReference = BBA8FAE82D8C527B00273B9B /* ios-movie-boxTests.xctest */;
			productType = "com.apple.product-type.bundle.unit-test";
		};
		BBA8FAF12D8C527B00273B9B /* ios-movie-boxUITests */ = {
			isa = PBXNativeTarget;
			buildConfigurationList = BBA8FB032D8C527B00273B9B /* Build configuration list for PBXNativeTarget "ios-movie-boxUITests" */;
			buildPhases = (
				BBA8FAEE2D8C527B00273B9B /* Sources */,
				BBA8FAEF2D8C527B00273B9B /* Frameworks */,
				BBA8FAF02D8C527B00273B9B /* Resources */,
			);
			buildRules = (
			);
			dependencies = (
				BBA8FAF42D8C527B00273B9B /* PBXTargetDependency */,
			);
			name = "ios-movie-boxUITests";
			packageProductDependencies = (
			);
			productName = "ios-movie-boxUITests";
			productReference = BBA8FAF22D8C527B00273B9B /* ios-movie-boxUITests.xctest */;
			productType = "com.apple.product-type.bundle.ui-testing";
		};
/* End PBXNativeTarget section */

/* Begin PBXProject section */
		BBA8FACA2D8C527800273B9B /* Project object */ = {
			isa = PBXProject;
			attributes = {
				BuildIndependentTargetsInParallel = 1;
				LastSwiftUpdateCheck = 1610;
				LastUpgradeCheck = 1610;
				TargetAttributes = {
					BBA8FAD12D8C527800273B9B = {
						CreatedOnToolsVersion = 16.1;
					};
					BBA8FAE72D8C527B00273B9B = {
						CreatedOnToolsVersion = 16.1;
						TestTargetID = BBA8FAD12D8C527800273B9B;
					};
					BBA8FAF12D8C527B00273B9B = {
						CreatedOnToolsVersion = 16.1;
						TestTargetID = BBA8FAD12D8C527800273B9B;
					};
				};
			};
			buildConfigurationList = BBA8FACD2D8C527800273B9B /* Build configuration list for PBXProject "ios-movie-box" */;
			developmentRegion = en;
			hasScannedForEncodings = 0;
			knownRegions = (
				en,
				Base,
			);
			mainGroup = BBA8FAC92D8C527800273B9B;
			minimizedProjectReferenceProxies = 1;
			preferredProjectObjectVersion = 77;
			productRefGroup = BBA8FAD32D8C527800273B9B /* Products */;
			projectDirPath = "";
			projectRoot = "";
			targets = (
				BBA8FAD12D8C527800273B9B /* ios-movie-box */,
				BBA8FAE72D8C527B00273B9B /* ios-movie-boxTests */,
				BBA8FAF12D8C527B00273B9B /* ios-movie-boxUITests */,
			);
		};
/* End PBXProject section */

/* Begin PBXResourcesBuildPhase section */
		BBA8FAD02D8C527800273B9B /* Resources */ = {
			isa = PBXResourcesBuildPhase;
			buildActionMask = 2147483647;
			files = (
				BBA8FB402D8C586A00273B9B /* Assets.xcassets in Resources */,
				BBA8FB412D8C586A00273B9B /* LaunchScreen.storyboard in Resources */,
			);
			runOnlyForDeploymentPostprocessing = 0;
		};
		BBA8FAE62D8C527B00273B9B /* Resources */ = {
			isa = PBXResourcesBuildPhase;
			buildActionMask = 2147483647;
			files = (
			);
			runOnlyForDeploymentPostprocessing = 0;
		};
		BBA8FAF02D8C527B00273B9B /* Resources */ = {
			isa = PBXResourcesBuildPhase;
			buildActionMask = 2147483647;
			files = (
			);
			runOnlyForDeploymentPostprocessing = 0;
		};
/* End PBXResourcesBuildPhase section */

/* Begin PBXSourcesBuildPhase section */
		BBA8FACE2D8C527800273B9B /* Sources */ = {
			isa = PBXSourcesBuildPhase;
			buildActionMask = 2147483647;
			files = (
				BBA8FB602D8CD34700273B9B /* MovieDetailsCoordinator.swift in Sources */,
				BBA8FB5C2D8CBD0F00273B9B /* MovieDetailsView.swift in Sources */,
				BBFB9D3E2D93422500562A39 /* PreviewProvider+MovieListViewModel.swift in Sources */,
				BBFB9D1E2D92A9CF00562A39 /* URLRequest+Endpoint.swift in Sources */,
				BBA8FB4D2D8C633200273B9B /* AppCoordinator.swift in Sources */,
				BBFB9D1A2D92094F00562A39 /* ErrorView.swift in Sources */,
				BBFB9D3A2D933C0800562A39 /* PreviewProvider+UpcomingMoviesData.swift in Sources */,
				BBA8FB552D8C9B1700273B9B /* MovieListView.swift in Sources */,
				BBA8FB512D8C923100273B9B /* Navigating.swift in Sources */,
				BBA8FB622D8D725A00273B9B /* Navigator.swift in Sources */,
				BBFB9D302D92D89700562A39 /* MovieDetailsViewModel.swift in Sources */,
				BBFB9D202D92AA2E00562A39 /* URL+Endpoint.swift in Sources */,
				BBA8FB3C2D8C586A00273B9B /* AppDelegate.swift in Sources */,
				BBA8FB4F2D8C638100273B9B /* Coordinating.swift in Sources */,
				BBFB9D182D91F07100562A39 /* NetworkError.swift in Sources */,
				BBFB9D122D91EB5B00562A39 /* RequestProtocol.swift in Sources */,
				BBFB9D052D916D8200562A39 /* MoviesProvider.swift in Sources */,
				BBFB9D102D91EB2800562A39 /* Network.swift in Sources */,
				BBFB9D3C2D93416100562A39 /* PreviewProvider+ErrorViewModel.swift in Sources */,
				BBA8FB3D2D8C586A00273B9B /* SceneDelegate.swift in Sources */,
				BBFB9D372D932A6800562A39 /* MovieDetailsViewStateFactory.swift in Sources */,
				BBFB9D352D92FFFF00562A39 /* MovieDetails.swift in Sources */,
				BBFB9D092D91E3A800562A39 /* UpcomingMovies.swift in Sources */,
				BBA8FB532D8C9A7D00273B9B /* MovieListCoordinator.swift in Sources */,
				BBFB9D0C2D91EAA000562A39 /* EndpointProtocol.swift in Sources */,
				BBFB9D142D91EB7A00562A39 /* HTTP.swift in Sources */,
				BBA8FB582D8CA47500273B9B /* View+UIKit.swift in Sources */,
				BBFB9D402D93439E00562A39 /* ImageConfig.swift in Sources */,
				BBA8FB5A2D8CBB2200273B9B /* MovieListViewModel.swift in Sources */,
				BBFB9D1C2D920A8400562A39 /* ErrorViewModel.swift in Sources */,
			);
			runOnlyForDeploymentPostprocessing = 0;
		};
		BBA8FAE42D8C527B00273B9B /* Sources */ = {
			isa = PBXSourcesBuildPhase;
			buildActionMask = 2147483647;
			files = (
				BBFB9D422D9348F700562A39 /* MockMovieDetailsViewStateFactory.swift in Sources */,
				BB3711032D8F6A180010F60B /* MoviewDetailsCoordinatorTests.swift in Sources */,
				BBE9E6FD2D8DC56B00A54C01 /* AppCoordinatorTests.swift in Sources */,
				BB3710FE2D8F68260010F60B /* MockMovieListViewModelDelegate.swift in Sources */,
				BBFB9D2E2D92CA8C00562A39 /* MoviesProvider.swift in Sources */,
				BBE9E6F92D8DAFC500A54C01 /* MockCoordinator.swift in Sources */,
				BB3711002D8F68500010F60B /* MovieListViewModelTests.swift in Sources */,
				BBE9E6FB2D8DB9E500A54C01 /* NavigatorTests.swift in Sources */,
				BB7608C72D8DF498000F68AF /* MovieListCoordinatorTests.swift in Sources */,
				BBE9E6FF2D8DC65800A54C01 /* MockNavigator.swift in Sources */,
				BBA8FB452D8C5D0700273B9B /* CoordinatingTests.swift in Sources */,
			);
			runOnlyForDeploymentPostprocessing = 0;
		};
		BBA8FAEE2D8C527B00273B9B /* Sources */ = {
			isa = PBXSourcesBuildPhase;
			buildActionMask = 2147483647;
			files = (
				BBA8FB492D8C5D0A00273B9B /* ios_movie_boxUITests.swift in Sources */,
				BBA8FB4A2D8C5D0A00273B9B /* ios_movie_boxUITestsLaunchTests.swift in Sources */,
			);
			runOnlyForDeploymentPostprocessing = 0;
		};
/* End PBXSourcesBuildPhase section */

/* Begin PBXTargetDependency section */
		BBA8FAEA2D8C527B00273B9B /* PBXTargetDependency */ = {
			isa = PBXTargetDependency;
			target = BBA8FAD12D8C527800273B9B /* ios-movie-box */;
			targetProxy = BBA8FAE92D8C527B00273B9B /* PBXContainerItemProxy */;
		};
		BBA8FAF42D8C527B00273B9B /* PBXTargetDependency */ = {
			isa = PBXTargetDependency;
			target = BBA8FAD12D8C527800273B9B /* ios-movie-box */;
			targetProxy = BBA8FAF32D8C527B00273B9B /* PBXContainerItemProxy */;
		};
/* End PBXTargetDependency section */

/* Begin PBXVariantGroup section */
		BBA8FB322D8C586A00273B9B /* LaunchScreen.storyboard */ = {
			isa = PBXVariantGroup;
			children = (
				BBA8FB312D8C586A00273B9B /* Base */,
			);
			name = LaunchScreen.storyboard;
			sourceTree = "<group>";
		};
/* End PBXVariantGroup section */

/* Begin XCBuildConfiguration section */
		BBA8FAFC2D8C527B00273B9B /* Debug */ = {
			isa = XCBuildConfiguration;
			buildSettings = {
				ASSETCATALOG_COMPILER_APPICON_NAME = AppIcon;
				ASSETCATALOG_COMPILER_GLOBAL_ACCENT_COLOR_NAME = AccentColor;
				CODE_SIGN_STYLE = Automatic;
				CURRENT_PROJECT_VERSION = 1;
				DEVELOPMENT_TEAM = 27YU34ECNS;
				GENERATE_INFOPLIST_FILE = YES;
				INFOPLIST_FILE = "ios-movie-box/Resources/Build Time/Info.plist";
				INFOPLIST_KEY_UIApplicationSupportsIndirectInputEvents = YES;
				INFOPLIST_KEY_UILaunchStoryboardName = LaunchScreen;
				INFOPLIST_KEY_UIMainStoryboardFile = "";
				INFOPLIST_KEY_UISupportedInterfaceOrientations_iPad = "UIInterfaceOrientationPortrait UIInterfaceOrientationPortraitUpsideDown UIInterfaceOrientationLandscapeLeft UIInterfaceOrientationLandscapeRight";
				INFOPLIST_KEY_UISupportedInterfaceOrientations_iPhone = "UIInterfaceOrientationPortrait UIInterfaceOrientationLandscapeLeft UIInterfaceOrientationLandscapeRight";
				LD_RUNPATH_SEARCH_PATHS = (
					"$(inherited)",
					"@executable_path/Frameworks",
				);
				MARKETING_VERSION = 1.0;
				PRODUCT_BUNDLE_IDENTIFIER = "fatmadagdevir.ios-movie-box";
				PRODUCT_NAME = "$(TARGET_NAME)";
				SWIFT_EMIT_LOC_STRINGS = YES;
				SWIFT_VERSION = 5.0;
				TARGETED_DEVICE_FAMILY = "1,2";
			};
			name = Debug;
		};
		BBA8FAFD2D8C527B00273B9B /* Release */ = {
			isa = XCBuildConfiguration;
			buildSettings = {
				ASSETCATALOG_COMPILER_APPICON_NAME = AppIcon;
				ASSETCATALOG_COMPILER_GLOBAL_ACCENT_COLOR_NAME = AccentColor;
				CODE_SIGN_STYLE = Automatic;
				CURRENT_PROJECT_VERSION = 1;
				DEVELOPMENT_TEAM = 27YU34ECNS;
				GENERATE_INFOPLIST_FILE = YES;
				INFOPLIST_FILE = "ios-movie-box/Resources/Build Time/Info.plist";
				INFOPLIST_KEY_UIApplicationSupportsIndirectInputEvents = YES;
				INFOPLIST_KEY_UILaunchStoryboardName = LaunchScreen;
				INFOPLIST_KEY_UIMainStoryboardFile = "";
				INFOPLIST_KEY_UISupportedInterfaceOrientations_iPad = "UIInterfaceOrientationPortrait UIInterfaceOrientationPortraitUpsideDown UIInterfaceOrientationLandscapeLeft UIInterfaceOrientationLandscapeRight";
				INFOPLIST_KEY_UISupportedInterfaceOrientations_iPhone = "UIInterfaceOrientationPortrait UIInterfaceOrientationLandscapeLeft UIInterfaceOrientationLandscapeRight";
				LD_RUNPATH_SEARCH_PATHS = (
					"$(inherited)",
					"@executable_path/Frameworks",
				);
				MARKETING_VERSION = 1.0;
				PRODUCT_BUNDLE_IDENTIFIER = "fatmadagdevir.ios-movie-box";
				PRODUCT_NAME = "$(TARGET_NAME)";
				SWIFT_EMIT_LOC_STRINGS = YES;
				SWIFT_VERSION = 5.0;
				TARGETED_DEVICE_FAMILY = "1,2";
			};
			name = Release;
		};
		BBA8FAFE2D8C527B00273B9B /* Debug */ = {
			isa = XCBuildConfiguration;
			buildSettings = {
				ALWAYS_SEARCH_USER_PATHS = NO;
				ASSETCATALOG_COMPILER_GENERATE_SWIFT_ASSET_SYMBOL_EXTENSIONS = YES;
				CLANG_ANALYZER_NONNULL = YES;
				CLANG_ANALYZER_NUMBER_OBJECT_CONVERSION = YES_AGGRESSIVE;
				CLANG_CXX_LANGUAGE_STANDARD = "gnu++20";
				CLANG_ENABLE_MODULES = YES;
				CLANG_ENABLE_OBJC_ARC = YES;
				CLANG_ENABLE_OBJC_WEAK = YES;
				CLANG_WARN_BLOCK_CAPTURE_AUTORELEASING = YES;
				CLANG_WARN_BOOL_CONVERSION = YES;
				CLANG_WARN_COMMA = YES;
				CLANG_WARN_CONSTANT_CONVERSION = YES;
				CLANG_WARN_DEPRECATED_OBJC_IMPLEMENTATIONS = YES;
				CLANG_WARN_DIRECT_OBJC_ISA_USAGE = YES_ERROR;
				CLANG_WARN_DOCUMENTATION_COMMENTS = YES;
				CLANG_WARN_EMPTY_BODY = YES;
				CLANG_WARN_ENUM_CONVERSION = YES;
				CLANG_WARN_INFINITE_RECURSION = YES;
				CLANG_WARN_INT_CONVERSION = YES;
				CLANG_WARN_NON_LITERAL_NULL_CONVERSION = YES;
				CLANG_WARN_OBJC_IMPLICIT_RETAIN_SELF = YES;
				CLANG_WARN_OBJC_LITERAL_CONVERSION = YES;
				CLANG_WARN_OBJC_ROOT_CLASS = YES_ERROR;
				CLANG_WARN_QUOTED_INCLUDE_IN_FRAMEWORK_HEADER = YES;
				CLANG_WARN_RANGE_LOOP_ANALYSIS = YES;
				CLANG_WARN_STRICT_PROTOTYPES = YES;
				CLANG_WARN_SUSPICIOUS_MOVE = YES;
				CLANG_WARN_UNGUARDED_AVAILABILITY = YES_AGGRESSIVE;
				CLANG_WARN_UNREACHABLE_CODE = YES;
				CLANG_WARN__DUPLICATE_METHOD_MATCH = YES;
				COPY_PHASE_STRIP = NO;
				DEBUG_INFORMATION_FORMAT = dwarf;
				ENABLE_STRICT_OBJC_MSGSEND = YES;
				ENABLE_TESTABILITY = YES;
				ENABLE_USER_SCRIPT_SANDBOXING = YES;
				GCC_C_LANGUAGE_STANDARD = gnu17;
				GCC_DYNAMIC_NO_PIC = NO;
				GCC_NO_COMMON_BLOCKS = YES;
				GCC_OPTIMIZATION_LEVEL = 0;
				GCC_PREPROCESSOR_DEFINITIONS = (
					"DEBUG=1",
					"$(inherited)",
				);
				GCC_WARN_64_TO_32_BIT_CONVERSION = YES;
				GCC_WARN_ABOUT_RETURN_TYPE = YES_ERROR;
				GCC_WARN_UNDECLARED_SELECTOR = YES;
				GCC_WARN_UNINITIALIZED_AUTOS = YES_AGGRESSIVE;
				GCC_WARN_UNUSED_FUNCTION = YES;
				GCC_WARN_UNUSED_VARIABLE = YES;
				IPHONEOS_DEPLOYMENT_TARGET = 18.1;
				LOCALIZATION_PREFERS_STRING_CATALOGS = YES;
				MTL_ENABLE_DEBUG_INFO = INCLUDE_SOURCE;
				MTL_FAST_MATH = YES;
				ONLY_ACTIVE_ARCH = YES;
				SDKROOT = iphoneos;
				SWIFT_ACTIVE_COMPILATION_CONDITIONS = "DEBUG $(inherited)";
				SWIFT_OPTIMIZATION_LEVEL = "-Onone";
			};
			name = Debug;
		};
		BBA8FAFF2D8C527B00273B9B /* Release */ = {
			isa = XCBuildConfiguration;
			buildSettings = {
				ALWAYS_SEARCH_USER_PATHS = NO;
				ASSETCATALOG_COMPILER_GENERATE_SWIFT_ASSET_SYMBOL_EXTENSIONS = YES;
				CLANG_ANALYZER_NONNULL = YES;
				CLANG_ANALYZER_NUMBER_OBJECT_CONVERSION = YES_AGGRESSIVE;
				CLANG_CXX_LANGUAGE_STANDARD = "gnu++20";
				CLANG_ENABLE_MODULES = YES;
				CLANG_ENABLE_OBJC_ARC = YES;
				CLANG_ENABLE_OBJC_WEAK = YES;
				CLANG_WARN_BLOCK_CAPTURE_AUTORELEASING = YES;
				CLANG_WARN_BOOL_CONVERSION = YES;
				CLANG_WARN_COMMA = YES;
				CLANG_WARN_CONSTANT_CONVERSION = YES;
				CLANG_WARN_DEPRECATED_OBJC_IMPLEMENTATIONS = YES;
				CLANG_WARN_DIRECT_OBJC_ISA_USAGE = YES_ERROR;
				CLANG_WARN_DOCUMENTATION_COMMENTS = YES;
				CLANG_WARN_EMPTY_BODY = YES;
				CLANG_WARN_ENUM_CONVERSION = YES;
				CLANG_WARN_INFINITE_RECURSION = YES;
				CLANG_WARN_INT_CONVERSION = YES;
				CLANG_WARN_NON_LITERAL_NULL_CONVERSION = YES;
				CLANG_WARN_OBJC_IMPLICIT_RETAIN_SELF = YES;
				CLANG_WARN_OBJC_LITERAL_CONVERSION = YES;
				CLANG_WARN_OBJC_ROOT_CLASS = YES_ERROR;
				CLANG_WARN_QUOTED_INCLUDE_IN_FRAMEWORK_HEADER = YES;
				CLANG_WARN_RANGE_LOOP_ANALYSIS = YES;
				CLANG_WARN_STRICT_PROTOTYPES = YES;
				CLANG_WARN_SUSPICIOUS_MOVE = YES;
				CLANG_WARN_UNGUARDED_AVAILABILITY = YES_AGGRESSIVE;
				CLANG_WARN_UNREACHABLE_CODE = YES;
				CLANG_WARN__DUPLICATE_METHOD_MATCH = YES;
				COPY_PHASE_STRIP = NO;
				DEBUG_INFORMATION_FORMAT = "dwarf-with-dsym";
				ENABLE_NS_ASSERTIONS = NO;
				ENABLE_STRICT_OBJC_MSGSEND = YES;
				ENABLE_USER_SCRIPT_SANDBOXING = YES;
				GCC_C_LANGUAGE_STANDARD = gnu17;
				GCC_NO_COMMON_BLOCKS = YES;
				GCC_WARN_64_TO_32_BIT_CONVERSION = YES;
				GCC_WARN_ABOUT_RETURN_TYPE = YES_ERROR;
				GCC_WARN_UNDECLARED_SELECTOR = YES;
				GCC_WARN_UNINITIALIZED_AUTOS = YES_AGGRESSIVE;
				GCC_WARN_UNUSED_FUNCTION = YES;
				GCC_WARN_UNUSED_VARIABLE = YES;
				IPHONEOS_DEPLOYMENT_TARGET = 18.1;
				LOCALIZATION_PREFERS_STRING_CATALOGS = YES;
				MTL_ENABLE_DEBUG_INFO = NO;
				MTL_FAST_MATH = YES;
				SDKROOT = iphoneos;
				SWIFT_COMPILATION_MODE = wholemodule;
				VALIDATE_PRODUCT = YES;
			};
			name = Release;
		};
		BBA8FB012D8C527B00273B9B /* Debug */ = {
			isa = XCBuildConfiguration;
			buildSettings = {
				BUNDLE_LOADER = "$(TEST_HOST)";
				CODE_SIGN_STYLE = Automatic;
				CURRENT_PROJECT_VERSION = 1;
				DEVELOPMENT_TEAM = 27YU34ECNS;
				GENERATE_INFOPLIST_FILE = YES;
				IPHONEOS_DEPLOYMENT_TARGET = 18.1;
				MARKETING_VERSION = 1.0;
				PRODUCT_BUNDLE_IDENTIFIER = "fatmadagdevir.ios-movie-boxTests";
				PRODUCT_NAME = "$(TARGET_NAME)";
				SWIFT_EMIT_LOC_STRINGS = NO;
				SWIFT_VERSION = 5.0;
				TARGETED_DEVICE_FAMILY = "1,2";
				TEST_HOST = "$(BUILT_PRODUCTS_DIR)/ios-movie-box.app/$(BUNDLE_EXECUTABLE_FOLDER_PATH)/ios-movie-box";
			};
			name = Debug;
		};
		BBA8FB022D8C527B00273B9B /* Release */ = {
			isa = XCBuildConfiguration;
			buildSettings = {
				BUNDLE_LOADER = "$(TEST_HOST)";
				CODE_SIGN_STYLE = Automatic;
				CURRENT_PROJECT_VERSION = 1;
				DEVELOPMENT_TEAM = 27YU34ECNS;
				GENERATE_INFOPLIST_FILE = YES;
				IPHONEOS_DEPLOYMENT_TARGET = 18.1;
				MARKETING_VERSION = 1.0;
				PRODUCT_BUNDLE_IDENTIFIER = "fatmadagdevir.ios-movie-boxTests";
				PRODUCT_NAME = "$(TARGET_NAME)";
				SWIFT_EMIT_LOC_STRINGS = NO;
				SWIFT_VERSION = 5.0;
				TARGETED_DEVICE_FAMILY = "1,2";
				TEST_HOST = "$(BUILT_PRODUCTS_DIR)/ios-movie-box.app/$(BUNDLE_EXECUTABLE_FOLDER_PATH)/ios-movie-box";
			};
			name = Release;
		};
		BBA8FB042D8C527B00273B9B /* Debug */ = {
			isa = XCBuildConfiguration;
			buildSettings = {
				CODE_SIGN_STYLE = Automatic;
				CURRENT_PROJECT_VERSION = 1;
				DEVELOPMENT_TEAM = 27YU34ECNS;
				GENERATE_INFOPLIST_FILE = YES;
				MARKETING_VERSION = 1.0;
				PRODUCT_BUNDLE_IDENTIFIER = "fatmadagdevir.ios-movie-boxUITests";
				PRODUCT_NAME = "$(TARGET_NAME)";
				SWIFT_EMIT_LOC_STRINGS = NO;
				SWIFT_VERSION = 5.0;
				TARGETED_DEVICE_FAMILY = "1,2";
				TEST_TARGET_NAME = "ios-movie-box";
			};
			name = Debug;
		};
		BBA8FB052D8C527B00273B9B /* Release */ = {
			isa = XCBuildConfiguration;
			buildSettings = {
				CODE_SIGN_STYLE = Automatic;
				CURRENT_PROJECT_VERSION = 1;
				DEVELOPMENT_TEAM = 27YU34ECNS;
				GENERATE_INFOPLIST_FILE = YES;
				MARKETING_VERSION = 1.0;
				PRODUCT_BUNDLE_IDENTIFIER = "fatmadagdevir.ios-movie-boxUITests";
				PRODUCT_NAME = "$(TARGET_NAME)";
				SWIFT_EMIT_LOC_STRINGS = NO;
				SWIFT_VERSION = 5.0;
				TARGETED_DEVICE_FAMILY = "1,2";
				TEST_TARGET_NAME = "ios-movie-box";
			};
			name = Release;
		};
/* End XCBuildConfiguration section */

/* Begin XCConfigurationList section */
		BBA8FACD2D8C527800273B9B /* Build configuration list for PBXProject "ios-movie-box" */ = {
			isa = XCConfigurationList;
			buildConfigurations = (
				BBA8FAFE2D8C527B00273B9B /* Debug */,
				BBA8FAFF2D8C527B00273B9B /* Release */,
			);
			defaultConfigurationIsVisible = 0;
			defaultConfigurationName = Release;
		};
		BBA8FAFB2D8C527B00273B9B /* Build configuration list for PBXNativeTarget "ios-movie-box" */ = {
			isa = XCConfigurationList;
			buildConfigurations = (
				BBA8FAFC2D8C527B00273B9B /* Debug */,
				BBA8FAFD2D8C527B00273B9B /* Release */,
			);
			defaultConfigurationIsVisible = 0;
			defaultConfigurationName = Release;
		};
		BBA8FB002D8C527B00273B9B /* Build configuration list for PBXNativeTarget "ios-movie-boxTests" */ = {
			isa = XCConfigurationList;
			buildConfigurations = (
				BBA8FB012D8C527B00273B9B /* Debug */,
				BBA8FB022D8C527B00273B9B /* Release */,
			);
			defaultConfigurationIsVisible = 0;
			defaultConfigurationName = Release;
		};
		BBA8FB032D8C527B00273B9B /* Build configuration list for PBXNativeTarget "ios-movie-boxUITests" */ = {
			isa = XCConfigurationList;
			buildConfigurations = (
				BBA8FB042D8C527B00273B9B /* Debug */,
				BBA8FB052D8C527B00273B9B /* Release */,
			);
			defaultConfigurationIsVisible = 0;
			defaultConfigurationName = Release;
		};
/* End XCConfigurationList section */
	};
	rootObject = BBA8FACA2D8C527800273B9B /* Project object */;
}
