// !$*UTF8*$!
{
	archiveVersion = 1;
	classes = {
	};
	objectVersion = 77;
	objects = {

/* Begin PBXBuildFile section */
		BBA8FB3C2D8C586A00273B9B /* AppDelegate.swift in Sources */ = {isa = PBXBuildFile; fileRef = BBA8FB342D8C586A00273B9B /* AppDelegate.swift */; };
		BBA8FB3D2D8C586A00273B9B /* SceneDelegate.swift in Sources */ = {isa = PBXBuildFile; fileRef = BBA8FB352D8C586A00273B9B /* SceneDelegate.swift */; };
		BBA8FB402D8C586A00273B9B /* Assets.xcassets in Resources */ = {isa = PBXBuildFile; fileRef = BBA8FB302D8C586A00273B9B /* Assets.xcassets */; };
		BBA8FB412D8C586A00273B9B /* LaunchScreen.storyboard in Resources */ = {isa = PBXBuildFile; fileRef = BBA8FB322D8C586A00273B9B /* LaunchScreen.storyboard */; };
		BBA8FB452D8C5D0700273B9B /* ios_movie_boxTests.swift in Sources */ = {isa = PBXBuildFile; fileRef = BBA8FB432D8C5D0700273B9B /* ios_movie_boxTests.swift */; };
		BBA8FB492D8C5D0A00273B9B /* ios_movie_boxUITests.swift in Sources */ = {isa = PBXBuildFile; fileRef = BBA8FB462D8C5D0A00273B9B /* ios_movie_boxUITests.swift */; };
		BBA8FB4A2D8C5D0A00273B9B /* ios_movie_boxUITestsLaunchTests.swift in Sources */ = {isa = PBXBuildFile; fileRef = BBA8FB472D8C5D0A00273B9B /* ios_movie_boxUITestsLaunchTests.swift */; };
		BBA8FB4D2D8C633200273B9B /* AppCoordinator.swift in Sources */ = {isa = PBXBuildFile; fileRef = BBA8FB4C2D8C632D00273B9B /* AppCoordinator.swift */; };
		BBA8FB4F2D8C638100273B9B /* Coordinating.swift in Sources */ = {isa = PBXBuildFile; fileRef = BBA8FB4E2D8C638100273B9B /* Coordinating.swift */; };
		BBA8FB512D8C923100273B9B /* Navigating.swift in Sources */ = {isa = PBXBuildFile; fileRef = BBA8FB502D8C923100273B9B /* Navigating.swift */; };
		BBA8FB532D8C9A7D00273B9B /* MovieListCoordinator.swift in Sources */ = {isa = PBXBuildFile; fileRef = BBA8FB522D8C9A6800273B9B /* MovieListCoordinator.swift */; };
		BBA8FB552D8C9B1700273B9B /* MovieListView.swift in Sources */ = {isa = PBXBuildFile; fileRef = BBA8FB542D8C9B1700273B9B /* MovieListView.swift */; };
		BBA8FB582D8CA47500273B9B /* View+UIKit.swift in Sources */ = {isa = PBXBuildFile; fileRef = BBA8FB572D8CA47500273B9B /* View+UIKit.swift */; };
		BBA8FB5A2D8CBB2200273B9B /* MovieListViewModel.swift in Sources */ = {isa = PBXBuildFile; fileRef = BBA8FB592D8CBB2200273B9B /* MovieListViewModel.swift */; };
		BBA8FB5C2D8CBD0F00273B9B /* MoviewDetailsView.swift in Sources */ = {isa = PBXBuildFile; fileRef = BBA8FB5B2D8CBD0F00273B9B /* MoviewDetailsView.swift */; };
		BBA8FB602D8CD34700273B9B /* MoviewDetailsCoordinator.swift in Sources */ = {isa = PBXBuildFile; fileRef = BBA8FB5F2D8CD34700273B9B /* MoviewDetailsCoordinator.swift */; };
		BBA8FB622D8D725A00273B9B /* Navigator.swift in Sources */ = {isa = PBXBuildFile; fileRef = BBA8FB612D8D725A00273B9B /* Navigator.swift */; };
/* End PBXBuildFile section */

/* Begin PBXContainerItemProxy section */
		BBA8FAE92D8C527B00273B9B /* PBXContainerItemProxy */ = {
			isa = PBXContainerItemProxy;
			containerPortal = BBA8FACA2D8C527800273B9B /* Project object */;
			proxyType = 1;
			remoteGlobalIDString = BBA8FAD12D8C527800273B9B;
			remoteInfo = "ios-movie-box";
		};
		BBA8FAF32D8C527B00273B9B /* PBXContainerItemProxy */ = {
			isa = PBXContainerItemProxy;
			containerPortal = BBA8FACA2D8C527800273B9B /* Project object */;
			proxyType = 1;
			remoteGlobalIDString = BBA8FAD12D8C527800273B9B;
			remoteInfo = "ios-movie-box";
		};
/* End PBXContainerItemProxy section */

/* Begin PBXFileReference section */
		BBA8FAD22D8C527800273B9B /* ios-movie-box.app */ = {isa = PBXFileReference; explicitFileType = wrapper.application; includeInIndex = 0; path = "ios-movie-box.app"; sourceTree = BUILT_PRODUCTS_DIR; };
		BBA8FAE82D8C527B00273B9B /* ios-movie-boxTests.xctest */ = {isa = PBXFileReference; explicitFileType = wrapper.cfbundle; includeInIndex = 0; path = "ios-movie-boxTests.xctest"; sourceTree = BUILT_PRODUCTS_DIR; };
		BBA8FAF22D8C527B00273B9B /* ios-movie-boxUITests.xctest */ = {isa = PBXFileReference; explicitFileType = wrapper.cfbundle; includeInIndex = 0; path = "ios-movie-boxUITests.xctest"; sourceTree = BUILT_PRODUCTS_DIR; };
		BBA8FB2E2D8C586A00273B9B /* Info.plist */ = {isa = PBXFileReference; lastKnownFileType = text.plist.xml; path = Info.plist; sourceTree = "<group>"; };
		BBA8FB302D8C586A00273B9B /* Assets.xcassets */ = {isa = PBXFileReference; lastKnownFileType = folder.assetcatalog; path = Assets.xcassets; sourceTree = "<group>"; };
		BBA8FB312D8C586A00273B9B /* Base */ = {isa = PBXFileReference; lastKnownFileType = file.storyboard; name = Base; path = Base.lproj/LaunchScreen.storyboard; sourceTree = "<group>"; };
		BBA8FB342D8C586A00273B9B /* AppDelegate.swift */ = {isa = PBXFileReference; lastKnownFileType = sourcecode.swift; path = AppDelegate.swift; sourceTree = "<group>"; };
		BBA8FB352D8C586A00273B9B /* SceneDelegate.swift */ = {isa = PBXFileReference; lastKnownFileType = sourcecode.swift; path = SceneDelegate.swift; sourceTree = "<group>"; };
		BBA8FB432D8C5D0700273B9B /* ios_movie_boxTests.swift */ = {isa = PBXFileReference; lastKnownFileType = sourcecode.swift; path = ios_movie_boxTests.swift; sourceTree = "<group>"; };
		BBA8FB462D8C5D0A00273B9B /* ios_movie_boxUITests.swift */ = {isa = PBXFileReference; lastKnownFileType = sourcecode.swift; path = ios_movie_boxUITests.swift; sourceTree = "<group>"; };
		BBA8FB472D8C5D0A00273B9B /* ios_movie_boxUITestsLaunchTests.swift */ = {isa = PBXFileReference; lastKnownFileType = sourcecode.swift; path = ios_movie_boxUITestsLaunchTests.swift; sourceTree = "<group>"; };
		BBA8FB4C2D8C632D00273B9B /* AppCoordinator.swift */ = {isa = PBXFileReference; lastKnownFileType = sourcecode.swift; path = AppCoordinator.swift; sourceTree = "<group>"; };
		BBA8FB4E2D8C638100273B9B /* Coordinating.swift */ = {isa = PBXFileReference; lastKnownFileType = sourcecode.swift; path = Coordinating.swift; sourceTree = "<group>"; };
		BBA8FB502D8C923100273B9B /* Navigating.swift */ = {isa = PBXFileReference; lastKnownFileType = sourcecode.swift; path = Navigating.swift; sourceTree = "<group>"; };
		BBA8FB522D8C9A6800273B9B /* MovieListCoordinator.swift */ = {isa = PBXFileReference; lastKnownFileType = sourcecode.swift; path = MovieListCoordinator.swift; sourceTree = "<group>"; };
		BBA8FB542D8C9B1700273B9B /* MovieListView.swift */ = {isa = PBXFileReference; lastKnownFileType = sourcecode.swift; path = MovieListView.swift; sourceTree = "<group>"; };
		BBA8FB572D8CA47500273B9B /* View+UIKit.swift */ = {isa = PBXFileReference; lastKnownFileType = sourcecode.swift; path = "View+UIKit.swift"; sourceTree = "<group>"; };
		BBA8FB592D8CBB2200273B9B /* MovieListViewModel.swift */ = {isa = PBXFileReference; lastKnownFileType = sourcecode.swift; path = MovieListViewModel.swift; sourceTree = "<group>"; };
		BBA8FB5B2D8CBD0F00273B9B /* MoviewDetailsView.swift */ = {isa = PBXFileReference; lastKnownFileType = sourcecode.swift; path = MoviewDetailsView.swift; sourceTree = "<group>"; };
		BBA8FB5F2D8CD34700273B9B /* MoviewDetailsCoordinator.swift */ = {isa = PBXFileReference; lastKnownFileType = sourcecode.swift; path = MoviewDetailsCoordinator.swift; sourceTree = "<group>"; };
		BBA8FB612D8D725A00273B9B /* Navigator.swift */ = {isa = PBXFileReference; lastKnownFileType = sourcecode.swift; path = Navigator.swift; sourceTree = "<group>"; };
/* End PBXFileReference section */

/* Begin PBXFrameworksBuildPhase section */
		BBA8FACF2D8C527800273B9B /* Frameworks */ = {
			isa = PBXFrameworksBuildPhase;
			buildActionMask = 2147483647;
			files = (
			);
			runOnlyForDeploymentPostprocessing = 0;
		};
		BBA8FAE52D8C527B00273B9B /* Frameworks */ = {
			isa = PBXFrameworksBuildPhase;
			buildActionMask = 2147483647;
			files = (
			);
			runOnlyForDeploymentPostprocessing = 0;
		};
		BBA8FAEF2D8C527B00273B9B /* Frameworks */ = {
			isa = PBXFrameworksBuildPhase;
			buildActionMask = 2147483647;
			files = (
			);
			runOnlyForDeploymentPostprocessing = 0;
		};
/* End PBXFrameworksBuildPhase section */

/* Begin PBXGroup section */
		BBA8FAC92D8C527800273B9B = {
			isa = PBXGroup;
			children = (
				BBA8FB3B2D8C586A00273B9B /* ios-movie-box */,
				BBA8FB442D8C5D0700273B9B /* ios-movie-boxTests */,
				BBA8FB482D8C5D0A00273B9B /* ios-movie-boxUITests */,
				BBA8FAD32D8C527800273B9B /* Products */,
			);
			sourceTree = "<group>";
		};
		BBA8FAD32D8C527800273B9B /* Products */ = {
			isa = PBXGroup;
			children = (
				BBA8FAD22D8C527800273B9B /* ios-movie-box.app */,
				BBA8FAE82D8C527B00273B9B /* ios-movie-boxTests.xctest */,
				BBA8FAF22D8C527B00273B9B /* ios-movie-boxUITests.xctest */,
			);
			name = Products;
			sourceTree = "<group>";
		};
		BBA8FB282D8C586A00273B9B /* Coordinating */ = {
			isa = PBXGroup;
			children = (
				BBA8FB4E2D8C638100273B9B /* Coordinating.swift */,
				BBA8FB502D8C923100273B9B /* Navigating.swift */,
				BBA8FB612D8D725A00273B9B /* Navigator.swift */,
			);
			path = Coordinating;
			sourceTree = "<group>";
		};
		BBA8FB292D8C586A00273B9B /* Core */ = {
			isa = PBXGroup;
			children = (
				BBA8FB282D8C586A00273B9B /* Coordinating */,
			);
			path = Core;
			sourceTree = "<group>";
		};
		BBA8FB2A2D8C586A00273B9B /* Features */ = {
			isa = PBXGroup;
			children = (
				BBA8FB4B2D8C631600273B9B /* App Launch */,
				BBA8FB5E2D8CD2ED00273B9B /* Movie Details */,
				BBA8FB5D2D8CD2D000273B9B /* Movie List */,
			);
			path = Features;
			sourceTree = "<group>";
		};
		BBA8FB2F2D8C586A00273B9B /* Build Time */ = {
			isa = PBXGroup;
			children = (
				BBA8FB2E2D8C586A00273B9B /* Info.plist */,
			);
			path = "Build Time";
			sourceTree = "<group>";
		};
		BBA8FB332D8C586A00273B9B /* Resources */ = {
			isa = PBXGroup;
			children = (
				BBA8FB302D8C586A00273B9B /* Assets.xcassets */,
				BBA8FB322D8C586A00273B9B /* LaunchScreen.storyboard */,
				BBA8FB2F2D8C586A00273B9B /* Build Time */,
			);
			path = Resources;
			sourceTree = "<group>";
		};
		BBA8FB362D8C586A00273B9B /* App Root */ = {
			isa = PBXGroup;
			children = (
				BBA8FB342D8C586A00273B9B /* AppDelegate.swift */,
				BBA8FB352D8C586A00273B9B /* SceneDelegate.swift */,
			);
			path = "App Root";
			sourceTree = "<group>";
		};
		BBA8FB3B2D8C586A00273B9B /* ios-movie-box */ = {
			isa = PBXGroup;
			children = (
				BBA8FB562D8CA45C00273B9B /* Shared */,
				BBA8FB362D8C586A00273B9B /* App Root */,
				BBA8FB292D8C586A00273B9B /* Core */,
				BBA8FB2A2D8C586A00273B9B /* Features */,
				BBA8FB332D8C586A00273B9B /* Resources */,
			);
			path = "ios-movie-box";
			sourceTree = "<group>";
		};
		BBA8FB442D8C5D0700273B9B /* ios-movie-boxTests */ = {
			isa = PBXGroup;
			children = (
				BBA8FB432D8C5D0700273B9B /* ios_movie_boxTests.swift */,
			);
			path = "ios-movie-boxTests";
			sourceTree = "<group>";
		};
		BBA8FB482D8C5D0A00273B9B /* ios-movie-boxUITests */ = {
			isa = PBXGroup;
			children = (
				BBA8FB462D8C5D0A00273B9B /* ios_movie_boxUITests.swift */,
				BBA8FB472D8C5D0A00273B9B /* ios_movie_boxUITestsLaunchTests.swift */,
			);
			path = "ios-movie-boxUITests";
			sourceTree = "<group>";
		};
		BBA8FB4B2D8C631600273B9B /* App Launch */ = {
			isa = PBXGroup;
			children = (
				BBA8FB4C2D8C632D00273B9B /* AppCoordinator.swift */,
			);
			path = "App Launch";
			sourceTree = "<group>";
		};
		BBA8FB562D8CA45C00273B9B /* Shared */ = {
			isa = PBXGroup;
			children = (
				BBA8FB572D8CA47500273B9B /* View+UIKit.swift */,
			);
			path = Shared;
			sourceTree = "<group>";
		};
		BBA8FB5D2D8CD2D000273B9B /* Movie List */ = {
			isa = PBXGroup;
			children = (
				BBA8FB522D8C9A6800273B9B /* MovieListCoordinator.swift */,
				BBA8FB542D8C9B1700273B9B /* MovieListView.swift */,
				BBA8FB592D8CBB2200273B9B /* MovieListViewModel.swift */,
			);
			path = "Movie List";
			sourceTree = "<group>";
		};
		BBA8FB5E2D8CD2ED00273B9B /* Movie Details */ = {
			isa = PBXGroup;
			children = (
				BBA8FB5B2D8CBD0F00273B9B /* MoviewDetailsView.swift */,
				BBA8FB5F2D8CD34700273B9B /* MoviewDetailsCoordinator.swift */,
			);
			path = "Movie Details";
			sourceTree = "<group>";
		};
/* End PBXGroup section */

/* Begin PBXNativeTarget section */
		BBA8FAD12D8C527800273B9B /* ios-movie-box */ = {
			isa = PBXNativeTarget;
			buildConfigurationList = BBA8FAFB2D8C527B00273B9B /* Build configuration list for PBXNativeTarget "ios-movie-box" */;
			buildPhases = (
				BBA8FACE2D8C527800273B9B /* Sources */,
				BBA8FACF2D8C527800273B9B /* Frameworks */,
				BBA8FAD02D8C527800273B9B /* Resources */,
			);
			buildRules = (
			);
			dependencies = (
			);
			name = "ios-movie-box";
			packageProductDependencies = (
			);
			productName = "ios-movie-box";
			productReference = BBA8FAD22D8C527800273B9B /* ios-movie-box.app */;
			productType = "com.apple.product-type.application";
		};
		BBA8FAE72D8C527B00273B9B /* ios-movie-boxTests */ = {
			isa = PBXNativeTarget;
			buildConfigurationList = BBA8FB002D8C527B00273B9B /* Build configuration list for PBXNativeTarget "ios-movie-boxTests" */;
			buildPhases = (
				BBA8FAE42D8C527B00273B9B /* Sources */,
				BBA8FAE52D8C527B00273B9B /* Frameworks */,
				BBA8FAE62D8C527B00273B9B /* Resources */,
			);
			buildRules = (
			);
			dependencies = (
				BBA8FAEA2D8C527B00273B9B /* PBXTargetDependency */,
			);
			name = "ios-movie-boxTests";
			packageProductDependencies = (
			);
			productName = "ios-movie-boxTests";
			productReference = BBA8FAE82D8C527B00273B9B /* ios-movie-boxTests.xctest */;
			productType = "com.apple.product-type.bundle.unit-test";
		};
		BBA8FAF12D8C527B00273B9B /* ios-movie-boxUITests */ = {
			isa = PBXNativeTarget;
			buildConfigurationList = BBA8FB032D8C527B00273B9B /* Build configuration list for PBXNativeTarget "ios-movie-boxUITests" */;
			buildPhases = (
				BBA8FAEE2D8C527B00273B9B /* Sources */,
				BBA8FAEF2D8C527B00273B9B /* Frameworks */,
				BBA8FAF02D8C527B00273B9B /* Resources */,
			);
			buildRules = (
			);
			dependencies = (
				BBA8FAF42D8C527B00273B9B /* PBXTargetDependency */,
			);
			name = "ios-movie-boxUITests";
			packageProductDependencies = (
			);
			productName = "ios-movie-boxUITests";
			productReference = BBA8FAF22D8C527B00273B9B /* ios-movie-boxUITests.xctest */;
			productType = "com.apple.product-type.bundle.ui-testing";
		};
/* End PBXNativeTarget section */

/* Begin PBXProject section */
		BBA8FACA2D8C527800273B9B /* Project object */ = {
			isa = PBXProject;
			attributes = {
				BuildIndependentTargetsInParallel = 1;
				LastSwiftUpdateCheck = 1610;
				LastUpgradeCheck = 1610;
				TargetAttributes = {
					BBA8FAD12D8C527800273B9B = {
						CreatedOnToolsVersion = 16.1;
					};
					BBA8FAE72D8C527B00273B9B = {
						CreatedOnToolsVersion = 16.1;
						TestTargetID = BBA8FAD12D8C527800273B9B;
					};
					BBA8FAF12D8C527B00273B9B = {
						CreatedOnToolsVersion = 16.1;
						TestTargetID = BBA8FAD12D8C527800273B9B;
					};
				};
			};
			buildConfigurationList = BBA8FACD2D8C527800273B9B /* Build configuration list for PBXProject "ios-movie-box" */;
			developmentRegion = en;
			hasScannedForEncodings = 0;
			knownRegions = (
				en,
				Base,
			);
			mainGroup = BBA8FAC92D8C527800273B9B;
			minimizedProjectReferenceProxies = 1;
			preferredProjectObjectVersion = 77;
			productRefGroup = BBA8FAD32D8C527800273B9B /* Products */;
			projectDirPath = "";
			projectRoot = "";
			targets = (
				BBA8FAD12D8C527800273B9B /* ios-movie-box */,
				BBA8FAE72D8C527B00273B9B /* ios-movie-boxTests */,
				BBA8FAF12D8C527B00273B9B /* ios-movie-boxUITests */,
			);
		};
/* End PBXProject section */

/* Begin PBXResourcesBuildPhase section */
		BBA8FAD02D8C527800273B9B /* Resources */ = {
			isa = PBXResourcesBuildPhase;
			buildActionMask = 2147483647;
			files = (
				BBA8FB402D8C586A00273B9B /* Assets.xcassets in Resources */,
				BBA8FB412D8C586A00273B9B /* LaunchScreen.storyboard in Resources */,
			);
			runOnlyForDeploymentPostprocessing = 0;
		};
		BBA8FAE62D8C527B00273B9B /* Resources */ = {
			isa = PBXResourcesBuildPhase;
			buildActionMask = 2147483647;
			files = (
			);
			runOnlyForDeploymentPostprocessing = 0;
		};
		BBA8FAF02D8C527B00273B9B /* Resources */ = {
			isa = PBXResourcesBuildPhase;
			buildActionMask = 2147483647;
			files = (
			);
			runOnlyForDeploymentPostprocessing = 0;
		};
/* End PBXResourcesBuildPhase section */

/* Begin PBXSourcesBuildPhase section */
		BBA8FACE2D8C527800273B9B /* Sources */ = {
			isa = PBXSourcesBuildPhase;
			buildActionMask = 2147483647;
			files = (
				BBA8FB602D8CD34700273B9B /* MoviewDetailsCoordinator.swift in Sources */,
				BBA8FB5C2D8CBD0F00273B9B /* MoviewDetailsView.swift in Sources */,
				BBA8FB4D2D8C633200273B9B /* AppCoordinator.swift in Sources */,
				BBA8FB552D8C9B1700273B9B /* MovieListView.swift in Sources */,
				BBA8FB512D8C923100273B9B /* Navigating.swift in Sources */,
				BBA8FB622D8D725A00273B9B /* Navigator.swift in Sources */,
				BBA8FB3C2D8C586A00273B9B /* AppDelegate.swift in Sources */,
				BBA8FB4F2D8C638100273B9B /* Coordinating.swift in Sources */,
				BBA8FB3D2D8C586A00273B9B /* SceneDelegate.swift in Sources */,
				BBA8FB532D8C9A7D00273B9B /* MovieListCoordinator.swift in Sources */,
				BBA8FB582D8CA47500273B9B /* View+UIKit.swift in Sources */,
				BBA8FB5A2D8CBB2200273B9B /* MovieListViewModel.swift in Sources */,
			);
			runOnlyForDeploymentPostprocessing = 0;
		};
		BBA8FAE42D8C527B00273B9B /* Sources */ = {
			isa = PBXSourcesBuildPhase;
			buildActionMask = 2147483647;
			files = (
				BBA8FB452D8C5D0700273B9B /* ios_movie_boxTests.swift in Sources */,
			);
			runOnlyForDeploymentPostprocessing = 0;
		};
		BBA8FAEE2D8C527B00273B9B /* Sources */ = {
			isa = PBXSourcesBuildPhase;
			buildActionMask = 2147483647;
			files = (
				BBA8FB492D8C5D0A00273B9B /* ios_movie_boxUITests.swift in Sources */,
				BBA8FB4A2D8C5D0A00273B9B /* ios_movie_boxUITestsLaunchTests.swift in Sources */,
			);
			runOnlyForDeploymentPostprocessing = 0;
		};
/* End PBXSourcesBuildPhase section */

/* Begin PBXTargetDependency section */
		BBA8FAEA2D8C527B00273B9B /* PBXTargetDependency */ = {
			isa = PBXTargetDependency;
			target = BBA8FAD12D8C527800273B9B /* ios-movie-box */;
			targetProxy = BBA8FAE92D8C527B00273B9B /* PBXContainerItemProxy */;
		};
		BBA8FAF42D8C527B00273B9B /* PBXTargetDependency */ = {
			isa = PBXTargetDependency;
			target = BBA8FAD12D8C527800273B9B /* ios-movie-box */;
			targetProxy = BBA8FAF32D8C527B00273B9B /* PBXContainerItemProxy */;
		};
/* End PBXTargetDependency section */

/* Begin PBXVariantGroup section */
		BBA8FB322D8C586A00273B9B /* LaunchScreen.storyboard */ = {
			isa = PBXVariantGroup;
			children = (
				BBA8FB312D8C586A00273B9B /* Base */,
			);
			name = LaunchScreen.storyboard;
			sourceTree = "<group>";
		};
/* End PBXVariantGroup section */

/* Begin XCBuildConfiguration section */
		BBA8FAFC2D8C527B00273B9B /* Debug */ = {
			isa = XCBuildConfiguration;
			buildSettings = {
				ASSETCATALOG_COMPILER_APPICON_NAME = AppIcon;
				ASSETCATALOG_COMPILER_GLOBAL_ACCENT_COLOR_NAME = AccentColor;
				CODE_SIGN_STYLE = Automatic;
				CURRENT_PROJECT_VERSION = 1;
				DEVELOPMENT_TEAM = 27YU34ECNS;
				GENERATE_INFOPLIST_FILE = YES;
				INFOPLIST_FILE = "ios-movie-box/Resources/Build Time/Info.plist";
				INFOPLIST_KEY_UIApplicationSupportsIndirectInputEvents = YES;
				INFOPLIST_KEY_UILaunchStoryboardName = LaunchScreen;
				INFOPLIST_KEY_UIMainStoryboardFile = "";
				INFOPLIST_KEY_UISupportedInterfaceOrientations_iPad = "UIInterfaceOrientationPortrait UIInterfaceOrientationPortraitUpsideDown UIInterfaceOrientationLandscapeLeft UIInterfaceOrientationLandscapeRight";
				INFOPLIST_KEY_UISupportedInterfaceOrientations_iPhone = "UIInterfaceOrientationPortrait UIInterfaceOrientationLandscapeLeft UIInterfaceOrientationLandscapeRight";
				LD_RUNPATH_SEARCH_PATHS = (
					"$(inherited)",
					"@executable_path/Frameworks",
				);
				MARKETING_VERSION = 1.0;
				PRODUCT_BUNDLE_IDENTIFIER = "fatmadagdevir.ios-movie-box";
				PRODUCT_NAME = "$(TARGET_NAME)";
				SWIFT_EMIT_LOC_STRINGS = YES;
				SWIFT_VERSION = 5.0;
				TARGETED_DEVICE_FAMILY = "1,2";
			};
			name = Debug;
		};
		BBA8FAFD2D8C527B00273B9B /* Release */ = {
			isa = XCBuildConfiguration;
			buildSettings = {
				ASSETCATALOG_COMPILER_APPICON_NAME = AppIcon;
				ASSETCATALOG_COMPILER_GLOBAL_ACCENT_COLOR_NAME = AccentColor;
				CODE_SIGN_STYLE = Automatic;
				CURRENT_PROJECT_VERSION = 1;
				DEVELOPMENT_TEAM = 27YU34ECNS;
				GENERATE_INFOPLIST_FILE = YES;
				INFOPLIST_FILE = "ios-movie-box/Resources/Build Time/Info.plist";
				INFOPLIST_KEY_UIApplicationSupportsIndirectInputEvents = YES;
				INFOPLIST_KEY_UILaunchStoryboardName = LaunchScreen;
				INFOPLIST_KEY_UIMainStoryboardFile = "";
				INFOPLIST_KEY_UISupportedInterfaceOrientations_iPad = "UIInterfaceOrientationPortrait UIInterfaceOrientationPortraitUpsideDown UIInterfaceOrientationLandscapeLeft UIInterfaceOrientationLandscapeRight";
				INFOPLIST_KEY_UISupportedInterfaceOrientations_iPhone = "UIInterfaceOrientationPortrait UIInterfaceOrientationLandscapeLeft UIInterfaceOrientationLandscapeRight";
				LD_RUNPATH_SEARCH_PATHS = (
					"$(inherited)",
					"@executable_path/Frameworks",
				);
				MARKETING_VERSION = 1.0;
				PRODUCT_BUNDLE_IDENTIFIER = "fatmadagdevir.ios-movie-box";
				PRODUCT_NAME = "$(TARGET_NAME)";
				SWIFT_EMIT_LOC_STRINGS = YES;
				SWIFT_VERSION = 5.0;
				TARGETED_DEVICE_FAMILY = "1,2";
			};
			name = Release;
		};
		BBA8FAFE2D8C527B00273B9B /* Debug */ = {
			isa = XCBuildConfiguration;
			buildSettings = {
				ALWAYS_SEARCH_USER_PATHS = NO;
				ASSETCATALOG_COMPILER_GENERATE_SWIFT_ASSET_SYMBOL_EXTENSIONS = YES;
				CLANG_ANALYZER_NONNULL = YES;
				CLANG_ANALYZER_NUMBER_OBJECT_CONVERSION = YES_AGGRESSIVE;
				CLANG_CXX_LANGUAGE_STANDARD = "gnu++20";
				CLANG_ENABLE_MODULES = YES;
				CLANG_ENABLE_OBJC_ARC = YES;
				CLANG_ENABLE_OBJC_WEAK = YES;
				CLANG_WARN_BLOCK_CAPTURE_AUTORELEASING = YES;
				CLANG_WARN_BOOL_CONVERSION = YES;
				CLANG_WARN_COMMA = YES;
				CLANG_WARN_CONSTANT_CONVERSION = YES;
				CLANG_WARN_DEPRECATED_OBJC_IMPLEMENTATIONS = YES;
				CLANG_WARN_DIRECT_OBJC_ISA_USAGE = YES_ERROR;
				CLANG_WARN_DOCUMENTATION_COMMENTS = YES;
				CLANG_WARN_EMPTY_BODY = YES;
				CLANG_WARN_ENUM_CONVERSION = YES;
				CLANG_WARN_INFINITE_RECURSION = YES;
				CLANG_WARN_INT_CONVERSION = YES;
				CLANG_WARN_NON_LITERAL_NULL_CONVERSION = YES;
				CLANG_WARN_OBJC_IMPLICIT_RETAIN_SELF = YES;
				CLANG_WARN_OBJC_LITERAL_CONVERSION = YES;
				CLANG_WARN_OBJC_ROOT_CLASS = YES_ERROR;
				CLANG_WARN_QUOTED_INCLUDE_IN_FRAMEWORK_HEADER = YES;
				CLANG_WARN_RANGE_LOOP_ANALYSIS = YES;
				CLANG_WARN_STRICT_PROTOTYPES = YES;
				CLANG_WARN_SUSPICIOUS_MOVE = YES;
				CLANG_WARN_UNGUARDED_AVAILABILITY = YES_AGGRESSIVE;
				CLANG_WARN_UNREACHABLE_CODE = YES;
				CLANG_WARN__DUPLICATE_METHOD_MATCH = YES;
				COPY_PHASE_STRIP = NO;
				DEBUG_INFORMATION_FORMAT = dwarf;
				ENABLE_STRICT_OBJC_MSGSEND = YES;
				ENABLE_TESTABILITY = YES;
				ENABLE_USER_SCRIPT_SANDBOXING = YES;
				GCC_C_LANGUAGE_STANDARD = gnu17;
				GCC_DYNAMIC_NO_PIC = NO;
				GCC_NO_COMMON_BLOCKS = YES;
				GCC_OPTIMIZATION_LEVEL = 0;
				GCC_PREPROCESSOR_DEFINITIONS = (
					"DEBUG=1",
					"$(inherited)",
				);
				GCC_WARN_64_TO_32_BIT_CONVERSION = YES;
				GCC_WARN_ABOUT_RETURN_TYPE = YES_ERROR;
				GCC_WARN_UNDECLARED_SELECTOR = YES;
				GCC_WARN_UNINITIALIZED_AUTOS = YES_AGGRESSIVE;
				GCC_WARN_UNUSED_FUNCTION = YES;
				GCC_WARN_UNUSED_VARIABLE = YES;
				IPHONEOS_DEPLOYMENT_TARGET = 18.1;
				LOCALIZATION_PREFERS_STRING_CATALOGS = YES;
				MTL_ENABLE_DEBUG_INFO = INCLUDE_SOURCE;
				MTL_FAST_MATH = YES;
				ONLY_ACTIVE_ARCH = YES;
				SDKROOT = iphoneos;
				SWIFT_ACTIVE_COMPILATION_CONDITIONS = "DEBUG $(inherited)";
				SWIFT_OPTIMIZATION_LEVEL = "-Onone";
			};
			name = Debug;
		};
		BBA8FAFF2D8C527B00273B9B /* Release */ = {
			isa = XCBuildConfiguration;
			buildSettings = {
				ALWAYS_SEARCH_USER_PATHS = NO;
				ASSETCATALOG_COMPILER_GENERATE_SWIFT_ASSET_SYMBOL_EXTENSIONS = YES;
				CLANG_ANALYZER_NONNULL = YES;
				CLANG_ANALYZER_NUMBER_OBJECT_CONVERSION = YES_AGGRESSIVE;
				CLANG_CXX_LANGUAGE_STANDARD = "gnu++20";
				CLANG_ENABLE_MODULES = YES;
				CLANG_ENABLE_OBJC_ARC = YES;
				CLANG_ENABLE_OBJC_WEAK = YES;
				CLANG_WARN_BLOCK_CAPTURE_AUTORELEASING = YES;
				CLANG_WARN_BOOL_CONVERSION = YES;
				CLANG_WARN_COMMA = YES;
				CLANG_WARN_CONSTANT_CONVERSION = YES;
				CLANG_WARN_DEPRECATED_OBJC_IMPLEMENTATIONS = YES;
				CLANG_WARN_DIRECT_OBJC_ISA_USAGE = YES_ERROR;
				CLANG_WARN_DOCUMENTATION_COMMENTS = YES;
				CLANG_WARN_EMPTY_BODY = YES;
				CLANG_WARN_ENUM_CONVERSION = YES;
				CLANG_WARN_INFINITE_RECURSION = YES;
				CLANG_WARN_INT_CONVERSION = YES;
				CLANG_WARN_NON_LITERAL_NULL_CONVERSION = YES;
				CLANG_WARN_OBJC_IMPLICIT_RETAIN_SELF = YES;
				CLANG_WARN_OBJC_LITERAL_CONVERSION = YES;
				CLANG_WARN_OBJC_ROOT_CLASS = YES_ERROR;
				CLANG_WARN_QUOTED_INCLUDE_IN_FRAMEWORK_HEADER = YES;
				CLANG_WARN_RANGE_LOOP_ANALYSIS = YES;
				CLANG_WARN_STRICT_PROTOTYPES = YES;
				CLANG_WARN_SUSPICIOUS_MOVE = YES;
				CLANG_WARN_UNGUARDED_AVAILABILITY = YES_AGGRESSIVE;
				CLANG_WARN_UNREACHABLE_CODE = YES;
				CLANG_WARN__DUPLICATE_METHOD_MATCH = YES;
				COPY_PHASE_STRIP = NO;
				DEBUG_INFORMATION_FORMAT = "dwarf-with-dsym";
				ENABLE_NS_ASSERTIONS = NO;
				ENABLE_STRICT_OBJC_MSGSEND = YES;
				ENABLE_USER_SCRIPT_SANDBOXING = YES;
				GCC_C_LANGUAGE_STANDARD = gnu17;
				GCC_NO_COMMON_BLOCKS = YES;
				GCC_WARN_64_TO_32_BIT_CONVERSION = YES;
				GCC_WARN_ABOUT_RETURN_TYPE = YES_ERROR;
				GCC_WARN_UNDECLARED_SELECTOR = YES;
				GCC_WARN_UNINITIALIZED_AUTOS = YES_AGGRESSIVE;
				GCC_WARN_UNUSED_FUNCTION = YES;
				GCC_WARN_UNUSED_VARIABLE = YES;
				IPHONEOS_DEPLOYMENT_TARGET = 18.1;
				LOCALIZATION_PREFERS_STRING_CATALOGS = YES;
				MTL_ENABLE_DEBUG_INFO = NO;
				MTL_FAST_MATH = YES;
				SDKROOT = iphoneos;
				SWIFT_COMPILATION_MODE = wholemodule;
				VALIDATE_PRODUCT = YES;
			};
			name = Release;
		};
		BBA8FB012D8C527B00273B9B /* Debug */ = {
			isa = XCBuildConfiguration;
			buildSettings = {
				BUNDLE_LOADER = "$(TEST_HOST)";
				CODE_SIGN_STYLE = Automatic;
				CURRENT_PROJECT_VERSION = 1;
				DEVELOPMENT_TEAM = 27YU34ECNS;
				GENERATE_INFOPLIST_FILE = YES;
				IPHONEOS_DEPLOYMENT_TARGET = 18.1;
				MARKETING_VERSION = 1.0;
				PRODUCT_BUNDLE_IDENTIFIER = "fatmadagdevir.ios-movie-boxTests";
				PRODUCT_NAME = "$(TARGET_NAME)";
				SWIFT_EMIT_LOC_STRINGS = NO;
				SWIFT_VERSION = 5.0;
				TARGETED_DEVICE_FAMILY = "1,2";
				TEST_HOST = "$(BUILT_PRODUCTS_DIR)/ios-movie-box.app/$(BUNDLE_EXECUTABLE_FOLDER_PATH)/ios-movie-box";
			};
			name = Debug;
		};
		BBA8FB022D8C527B00273B9B /* Release */ = {
			isa = XCBuildConfiguration;
			buildSettings = {
				BUNDLE_LOADER = "$(TEST_HOST)";
				CODE_SIGN_STYLE = Automatic;
				CURRENT_PROJECT_VERSION = 1;
				DEVELOPMENT_TEAM = 27YU34ECNS;
				GENERATE_INFOPLIST_FILE = YES;
				IPHONEOS_DEPLOYMENT_TARGET = 18.1;
				MARKETING_VERSION = 1.0;
				PRODUCT_BUNDLE_IDENTIFIER = "fatmadagdevir.ios-movie-boxTests";
				PRODUCT_NAME = "$(TARGET_NAME)";
				SWIFT_EMIT_LOC_STRINGS = NO;
				SWIFT_VERSION = 5.0;
				TARGETED_DEVICE_FAMILY = "1,2";
				TEST_HOST = "$(BUILT_PRODUCTS_DIR)/ios-movie-box.app/$(BUNDLE_EXECUTABLE_FOLDER_PATH)/ios-movie-box";
			};
			name = Release;
		};
		BBA8FB042D8C527B00273B9B /* Debug */ = {
			isa = XCBuildConfiguration;
			buildSettings = {
				CODE_SIGN_STYLE = Automatic;
				CURRENT_PROJECT_VERSION = 1;
				DEVELOPMENT_TEAM = 27YU34ECNS;
				GENERATE_INFOPLIST_FILE = YES;
				MARKETING_VERSION = 1.0;
				PRODUCT_BUNDLE_IDENTIFIER = "fatmadagdevir.ios-movie-boxUITests";
				PRODUCT_NAME = "$(TARGET_NAME)";
				SWIFT_EMIT_LOC_STRINGS = NO;
				SWIFT_VERSION = 5.0;
				TARGETED_DEVICE_FAMILY = "1,2";
				TEST_TARGET_NAME = "ios-movie-box";
			};
			name = Debug;
		};
		BBA8FB052D8C527B00273B9B /* Release */ = {
			isa = XCBuildConfiguration;
			buildSettings = {
				CODE_SIGN_STYLE = Automatic;
				CURRENT_PROJECT_VERSION = 1;
				DEVELOPMENT_TEAM = 27YU34ECNS;
				GENERATE_INFOPLIST_FILE = YES;
				MARKETING_VERSION = 1.0;
				PRODUCT_BUNDLE_IDENTIFIER = "fatmadagdevir.ios-movie-boxUITests";
				PRODUCT_NAME = "$(TARGET_NAME)";
				SWIFT_EMIT_LOC_STRINGS = NO;
				SWIFT_VERSION = 5.0;
				TARGETED_DEVICE_FAMILY = "1,2";
				TEST_TARGET_NAME = "ios-movie-box";
			};
			name = Release;
		};
/* End XCBuildConfiguration section */

/* Begin XCConfigurationList section */
		BBA8FACD2D8C527800273B9B /* Build configuration list for PBXProject "ios-movie-box" */ = {
			isa = XCConfigurationList;
			buildConfigurations = (
				BBA8FAFE2D8C527B00273B9B /* Debug */,
				BBA8FAFF2D8C527B00273B9B /* Release */,
			);
			defaultConfigurationIsVisible = 0;
			defaultConfigurationName = Release;
		};
		BBA8FAFB2D8C527B00273B9B /* Build configuration list for PBXNativeTarget "ios-movie-box" */ = {
			isa = XCConfigurationList;
			buildConfigurations = (
				BBA8FAFC2D8C527B00273B9B /* Debug */,
				BBA8FAFD2D8C527B00273B9B /* Release */,
			);
			defaultConfigurationIsVisible = 0;
			defaultConfigurationName = Release;
		};
		BBA8FB002D8C527B00273B9B /* Build configuration list for PBXNativeTarget "ios-movie-boxTests" */ = {
			isa = XCConfigurationList;
			buildConfigurations = (
				BBA8FB012D8C527B00273B9B /* Debug */,
				BBA8FB022D8C527B00273B9B /* Release */,
			);
			defaultConfigurationIsVisible = 0;
			defaultConfigurationName = Release;
		};
		BBA8FB032D8C527B00273B9B /* Build configuration list for PBXNativeTarget "ios-movie-boxUITests" */ = {
			isa = XCConfigurationList;
			buildConfigurations = (
				BBA8FB042D8C527B00273B9B /* Debug */,
				BBA8FB052D8C527B00273B9B /* Release */,
			);
			defaultConfigurationIsVisible = 0;
			defaultConfigurationName = Release;
		};
/* End XCConfigurationList section */
	};
	rootObject = BBA8FACA2D8C527800273B9B /* Project object */;
}
